// !$*UTF8*$!
{
	archiveVersion = 1;
	classes = {
	};
	objectVersion = 60;
	objects = {

/* Begin PBXBuildFile section */
		25C0B36A2CBDA7720027222A /* ALSmaatoMediationAdapter.m in Sources */ = {isa = PBXBuildFile; fileRef = 25C0B3672CBDA7720027222A /* ALSmaatoMediationAdapter.m */; };
		25C0B36B2CBDA7720027222A /* ALSmaatoMediationAdapter.h in Headers */ = {isa = PBXBuildFile; fileRef = 25C0B3662CBDA7720027222A /* ALSmaatoMediationAdapter.h */; settings = {ATTRIBUTES = (Public, ); }; };
		25C0B36D2CBDA78E0027222A /* AppLovinSDK.framework in Frameworks */ = {isa = PBXBuildFile; fileRef = 1D31B64D219BA4E600875D92 /* AppLovinSDK.framework */; };
		25FCB2E32E26E3CF0025F901 /* AppLovinMediationSmaatoAdapter.h in Headers */ = {isa = PBXBuildFile; fileRef = 25FCB2E22E26E3CF0025F901 /* AppLovinMediationSmaatoAdapter.h */; settings = {ATTRIBUTES = (Public, ); }; };
		94FE3D679E43E73DE835E7E4 /* Pods_SmaatoAdapter.framework in Frameworks */ = {isa = PBXBuildFile; fileRef = B7BF0A047906BC65E2D5E674 /* Pods_SmaatoAdapter.framework */; };
/* End PBXBuildFile section */

/* Begin PBXFileReference section */
		1D31B64D219BA4E600875D92 /* AppLovinSDK.framework */ = {isa = PBXFileReference; explicitFileType = wrapper.framework; path = AppLovinSDK.framework; sourceTree = BUILT_PRODUCTS_DIR; };
		25C0B35A2CBDA75E0027222A /* AppLovinMediationSmaatoAdapter.framework */ = {isa = PBXFileReference; explicitFileType = wrapper.framework; includeInIndex = 0; path = AppLovinMediationSmaatoAdapter.framework; sourceTree = BUILT_PRODUCTS_DIR; };
		25C0B3662CBDA7720027222A /* ALSmaatoMediationAdapter.h */ = {isa = PBXFileReference; lastKnownFileType = sourcecode.c.h; path = ALSmaatoMediationAdapter.h; sourceTree = "<group>"; };
		25C0B3672CBDA7720027222A /* ALSmaatoMediationAdapter.m */ = {isa = PBXFileReference; lastKnownFileType = sourcecode.c.objc; path = ALSmaatoMediationAdapter.m; sourceTree = "<group>"; };
		25C7D2F22BAC7A1A00955AA1 /* PrivacyInfo.xcprivacy */ = {isa = PBXFileReference; lastKnownFileType = text.xml; path = PrivacyInfo.xcprivacy; sourceTree = "<group>"; };
		25FCB2E22E26E3CF0025F901 /* AppLovinMediationSmaatoAdapter.h */ = {isa = PBXFileReference; lastKnownFileType = sourcecode.c.h; path = AppLovinMediationSmaatoAdapter.h; sourceTree = "<group>"; };
		6A5A632E21C0872C00B755D7 /* CHANGELOG.md */ = {isa = PBXFileReference; lastKnownFileType = net.daringfireball.markdown; path = CHANGELOG.md; sourceTree = SOURCE_ROOT; };
		6A5A632F21C0872D00B755D7 /* AppLovinMediationSmaatoAdapter.podspec */ = {isa = PBXFileReference; lastKnownFileType = text; path = AppLovinMediationSmaatoAdapter.podspec; sourceTree = SOURCE_ROOT; };
		79DEDF58C619B2A4F38FA4AA /* Pods-SmaatoAdapter.debug.xcconfig */ = {isa = PBXFileReference; includeInIndex = 1; lastKnownFileType = text.xcconfig; name = "Pods-SmaatoAdapter.debug.xcconfig"; path = "Target Support Files/Pods-SmaatoAdapter/Pods-SmaatoAdapter.debug.xcconfig"; sourceTree = "<group>"; };
		B7BF0A047906BC65E2D5E674 /* Pods_SmaatoAdapter.framework */ = {isa = PBXFileReference; explicitFileType = wrapper.framework; includeInIndex = 0; path = Pods_SmaatoAdapter.framework; sourceTree = BUILT_PRODUCTS_DIR; };
		D26ADB658A4108A4A10C51CB /* Pods-SmaatoAdapter.release.xcconfig */ = {isa = PBXFileReference; includeInIndex = 1; lastKnownFileType = text.xcconfig; name = "Pods-SmaatoAdapter.release.xcconfig"; path = "Target Support Files/Pods-SmaatoAdapter/Pods-SmaatoAdapter.release.xcconfig"; sourceTree = "<group>"; };
/* End PBXFileReference section */

/* Begin PBXFrameworksBuildPhase section */
		25C0B3572CBDA75E0027222A /* Frameworks */ = {
			isa = PBXFrameworksBuildPhase;
			buildActionMask = 2147483647;
			files = (
				25C0B36D2CBDA78E0027222A /* AppLovinSDK.framework in Frameworks */,
				94FE3D679E43E73DE835E7E4 /* Pods_SmaatoAdapter.framework in Frameworks */,
			);
			runOnlyForDeploymentPostprocessing = 0;
		};
/* End PBXFrameworksBuildPhase section */

/* Begin PBXGroup section */
		1D2303A61FBCF4C7001939D7 /* Frameworks */ = {
			isa = PBXGroup;
			children = (
				1D31B64D219BA4E600875D92 /* AppLovinSDK.framework */,
				B7BF0A047906BC65E2D5E674 /* Pods_SmaatoAdapter.framework */,
			);
			name = Frameworks;
			sourceTree = "<group>";
		};
		1D97FB7C1FBCF38B00D6C309 = {
			isa = PBXGroup;
			children = (
				25C0B3692CBDA7720027222A /* SmaatoAdapter */,
				6A12947F21C086760052F283 /* Supporting Files */,
				1D97FB861FBCF38B00D6C309 /* Products */,
				1D2303A61FBCF4C7001939D7 /* Frameworks */,
				C2B133456E10992933DD8A6E /* Pods */,
			);
			sourceTree = "<group>";
		};
		1D97FB861FBCF38B00D6C309 /* Products */ = {
			isa = PBXGroup;
			children = (
				25C0B35A2CBDA75E0027222A /* AppLovinMediationSmaatoAdapter.framework */,
			);
			name = Products;
			sourceTree = "<group>";
		};
		25C0B3692CBDA7720027222A /* SmaatoAdapter */ = {
			isa = PBXGroup;
			children = (
				25FCB2E22E26E3CF0025F901 /* AppLovinMediationSmaatoAdapter.h */,
				25C0B3662CBDA7720027222A /* ALSmaatoMediationAdapter.h */,
				25C0B3672CBDA7720027222A /* ALSmaatoMediationAdapter.m */,
			);
			path = SmaatoAdapter;
			sourceTree = "<group>";
		};
		6A12947F21C086760052F283 /* Supporting Files */ = {
			isa = PBXGroup;
			children = (
				6A5A632F21C0872D00B755D7 /* AppLovinMediationSmaatoAdapter.podspec */,
				6A5A632E21C0872C00B755D7 /* CHANGELOG.md */,
				25C7D2F22BAC7A1A00955AA1 /* PrivacyInfo.xcprivacy */,
			);
			name = "Supporting Files";
			sourceTree = "<group>";
		};
		C2B133456E10992933DD8A6E /* Pods */ = {
			isa = PBXGroup;
			children = (
				79DEDF58C619B2A4F38FA4AA /* Pods-SmaatoAdapter.debug.xcconfig */,
				D26ADB658A4108A4A10C51CB /* Pods-SmaatoAdapter.release.xcconfig */,
			);
			name = Pods;
			path = "../../iOS-Workspace/Pods";
			sourceTree = "<group>";
		};
/* End PBXGroup section */

/* Begin PBXHeadersBuildPhase section */
		25C0B3552CBDA75E0027222A /* Headers */ = {
			isa = PBXHeadersBuildPhase;
			buildActionMask = 2147483647;
			files = (
				25FCB2E32E26E3CF0025F901 /* AppLovinMediationSmaatoAdapter.h in Headers */,
				25C0B36B2CBDA7720027222A /* ALSmaatoMediationAdapter.h in Headers */,
			);
			runOnlyForDeploymentPostprocessing = 0;
		};
/* End PBXHeadersBuildPhase section */

/* Begin PBXNativeTarget section */
		25C0B3592CBDA75E0027222A /* SmaatoAdapter */ = {
			isa = PBXNativeTarget;
			buildConfigurationList = 25C0B35F2CBDA75E0027222A /* Build configuration list for PBXNativeTarget "SmaatoAdapter" */;
			buildPhases = (
				822B6DC9370348B03D4C39EA /* [CP] Check Pods Manifest.lock */,
				35616632356530632D383337 /* Set Version String */,
				25C0B3552CBDA75E0027222A /* Headers */,
				25C0B3562CBDA75E0027222A /* Sources */,
				25C0B3572CBDA75E0027222A /* Frameworks */,
			);
			buildRules = (
			);
			dependencies = (
			);
			name = SmaatoAdapter;
			productName = AppLovinMediationSmaatoAdapter;
			productReference = 25C0B35A2CBDA75E0027222A /* AppLovinMediationSmaatoAdapter.framework */;
			productType = "com.apple.product-type.framework";
		};
/* End PBXNativeTarget section */

/* Begin PBXProject section */
		1D97FB7D1FBCF38B00D6C309 /* Project object */ = {
			isa = PBXProject;
			attributes = {
				LastUpgradeCheck = 1640;
				ORGANIZATIONNAME = AppLovin;
				TargetAttributes = {
					25C0B3592CBDA75E0027222A = {
						CreatedOnToolsVersion = 16.0;
						ProvisioningStyle = Automatic;
					};
				};
			};
			buildConfigurationList = 1D97FB801FBCF38B00D6C309 /* Build configuration list for PBXProject "SmaatoAdapter" */;
			compatibilityVersion = "Xcode 15.0";
			developmentRegion = en;
			hasScannedForEncodings = 0;
			knownRegions = (
				en,
				Base,
			);
			mainGroup = 1D97FB7C1FBCF38B00D6C309;
			productRefGroup = 1D97FB861FBCF38B00D6C309 /* Products */;
			projectDirPath = "";
			projectRoot = "";
			targets = (
				25C0B3592CBDA75E0027222A /* SmaatoAdapter */,
			);
		};
/* End PBXProject section */

/* Begin PBXShellScriptBuildPhase section */
		35616632356530632D383337 /* Set Version String */ = {
			isa = PBXShellScriptBuildPhase;
			alwaysOutOfDate = 1;
			buildActionMask = 2147483647;
			files = (
			);
			inputFileListPaths = (
			);
			inputPaths = (
			);
			name = "Set Version String";
			outputFileListPaths = (
			);
			outputPaths = (
			);
			runOnlyForDeploymentPostprocessing = 0;
			shellPath = /bin/bash;
			shellScript = "#!/usr/bin/env bash\n\nIFS='.' read -ra VERSION_PARTS <<< \"$MARKETING_VERSION\"\n\n# Get the last component (build number)\nLAST_INDEX=$((${#VERSION_PARTS[@]} - 1))\nBUILD_NUMBER=${VERSION_PARTS[$LAST_INDEX]}\n\n# Build version code from all components except the last\nVERSION_CODE=${VERSION_PARTS[0]}\nfor ((i=1; i<$LAST_INDEX; i++)); do\n    VERSION_CODE=\"${VERSION_CODE}$(printf \"%02d\" ${VERSION_PARTS[$i]})\"\ndone\n\n/usr/libexec/PlistBuddy -c \"Set :CFBundleShortVersionString ${VERSION_CODE}.0.${BUILD_NUMBER}\" \"${TARGET_BUILD_DIR}/${INFOPLIST_PATH}\"";
			showEnvVarsInLog = 0;
		};
		822B6DC9370348B03D4C39EA /* [CP] Check Pods Manifest.lock */ = {
			isa = PBXShellScriptBuildPhase;
			buildActionMask = 2147483647;
			files = (
			);
			inputFileListPaths = (
			);
			inputPaths = (
				"${PODS_PODFILE_DIR_PATH}/Podfile.lock",
				"${PODS_ROOT}/Manifest.lock",
			);
			name = "[CP] Check Pods Manifest.lock";
			outputFileListPaths = (
			);
			outputPaths = (
				"$(DERIVED_FILE_DIR)/Pods-SmaatoAdapter-checkManifestLockResult.txt",
			);
			runOnlyForDeploymentPostprocessing = 0;
			shellPath = /bin/sh;
			shellScript = "diff \"${PODS_PODFILE_DIR_PATH}/Podfile.lock\" \"${PODS_ROOT}/Manifest.lock\" > /dev/null\nif [ $? != 0 ] ; then\n    # print error to STDERR\n    echo \"error: The sandbox is not in sync with the Podfile.lock. Run 'pod install' or update your CocoaPods installation.\" >&2\n    exit 1\nfi\n# This output is used by Xcode 'outputs' to avoid re-running this script phase.\necho \"SUCCESS\" > \"${SCRIPT_OUTPUT_FILE_0}\"\n";
			showEnvVarsInLog = 0;
		};
/* End PBXShellScriptBuildPhase section */

/* Begin PBXSourcesBuildPhase section */
		25C0B3562CBDA75E0027222A /* Sources */ = {
			isa = PBXSourcesBuildPhase;
			buildActionMask = 2147483647;
			files = (
				25C0B36A2CBDA7720027222A /* ALSmaatoMediationAdapter.m in Sources */,
			);
			runOnlyForDeploymentPostprocessing = 0;
		};
/* End PBXSourcesBuildPhase section */

/* Begin XCBuildConfiguration section */
		1D97FB8C1FBCF38B00D6C309 /* Debug */ = {
			isa = XCBuildConfiguration;
			buildSettings = {
				BUILD_LIBRARY_FOR_DISTRIBUTION = YES;
				CLANG_ANALYZER_NONNULL = YES;
				CLANG_ANALYZER_NUMBER_OBJECT_CONVERSION = YES_AGGRESSIVE;
				CLANG_CXX_LANGUAGE_STANDARD = "gnu++14";
				CLANG_ENABLE_MODULES = YES;
				CLANG_ENABLE_OBJC_ARC = YES;
				CLANG_ENABLE_OBJC_WEAK = YES;
				CLANG_WARN_BLOCK_CAPTURE_AUTORELEASING = YES;
				CLANG_WARN_BOOL_CONVERSION = YES;
				CLANG_WARN_COMMA = YES;
				CLANG_WARN_CONSTANT_CONVERSION = YES;
				CLANG_WARN_DEPRECATED_OBJC_IMPLEMENTATIONS = YES;
				CLANG_WARN_DIRECT_OBJC_ISA_USAGE = YES_ERROR;
				CLANG_WARN_DOCUMENTATION_COMMENTS = YES;
				CLANG_WARN_EMPTY_BODY = YES;
				CLANG_WARN_ENUM_CONVERSION = YES;
				CLANG_WARN_INFINITE_RECURSION = YES;
				CLANG_WARN_INT_CONVERSION = YES;
				CLANG_WARN_NON_LITERAL_NULL_CONVERSION = YES;
				CLANG_WARN_OBJC_IMPLICIT_RETAIN_SELF = YES;
				CLANG_WARN_OBJC_LITERAL_CONVERSION = YES;
				CLANG_WARN_OBJC_ROOT_CLASS = YES_ERROR;
				CLANG_WARN_QUOTED_INCLUDE_IN_FRAMEWORK_HEADER = YES;
				CLANG_WARN_RANGE_LOOP_ANALYSIS = YES;
				CLANG_WARN_STRICT_PROTOTYPES = YES;
				CLANG_WARN_SUSPICIOUS_MOVE = YES;
				CLANG_WARN_UNGUARDED_AVAILABILITY = YES_AGGRESSIVE;
				CLANG_WARN_UNREACHABLE_CODE = YES;
				CLANG_WARN__DUPLICATE_METHOD_MATCH = YES;
				CODE_SIGN_IDENTITY = "";
				CODE_SIGN_STYLE = Manual;
				COPY_PHASE_STRIP = NO;
				CURRENT_PROJECT_VERSION = 1;
				DEAD_CODE_STRIPPING = NO;
				DEBUG_INFORMATION_FORMAT = dwarf;
				DEFINES_MODULE = YES;
				DEVELOPMENT_TEAM = LUDVB6Z3BS;
				DYLIB_COMPATIBILITY_VERSION = 1;
				DYLIB_CURRENT_VERSION = 1;
				DYLIB_INSTALL_NAME_BASE = "@rpath";
				ENABLE_BITCODE = NO;
				ENABLE_STRICT_OBJC_MSGSEND = YES;
				ENABLE_TESTABILITY = YES;
				FRAMEWORK_SEARCH_PATHS = "$(inherited)";
				GCC_C_LANGUAGE_STANDARD = gnu11;
				GCC_DYNAMIC_NO_PIC = NO;
				GCC_NO_COMMON_BLOCKS = YES;
				GCC_OPTIMIZATION_LEVEL = 0;
				GCC_PREPROCESSOR_DEFINITIONS = (
					"DEBUG=1",
					"$(inherited)",
				);
				GCC_WARN_64_TO_32_BIT_CONVERSION = YES;
				GCC_WARN_ABOUT_RETURN_TYPE = YES_ERROR;
				GCC_WARN_UNDECLARED_SELECTOR = YES;
				GCC_WARN_UNINITIALIZED_AUTOS = YES_AGGRESSIVE;
				GCC_WARN_UNUSED_FUNCTION = YES;
				GCC_WARN_UNUSED_VARIABLE = YES;
				GENERATE_INFOPLIST_FILE = YES;
				HEADER_SEARCH_PATHS = "$(inherited)";
				INFOPLIST_KEY_NSHumanReadableCopyright = "Copyright © 2025 AppLovin. All rights reserved.";
				INSTALL_PATH = "$(LOCAL_LIBRARY_DIR)/Frameworks";
				IPHONEOS_DEPLOYMENT_TARGET = 12.0;
				LIBRARY_SEARCH_PATHS = "$(inherited)";
				LOCALIZATION_PREFERS_STRING_CATALOGS = YES;
				MACH_O_TYPE = staticlib;
				MARKETING_VERSION = 23.0.1.0;
				MODULE_VERIFIER_SUPPORTED_LANGUAGES = "objective-c objective-c++";
				MODULE_VERIFIER_SUPPORTED_LANGUAGE_STANDARDS = "gnu17 gnu++20";
				ONLY_ACTIVE_ARCH = YES;
				PRODUCT_NAME = AppLovinMediationSmaatoAdapter;
				SDKROOT = iphoneos;
				SKIP_INSTALL = YES;
				SWIFT_EMIT_LOC_STRINGS = YES;
				TARGETED_DEVICE_FAMILY = "1,2";
				VERSIONING_SYSTEM = "apple-generic";
				VERSION_INFO_PREFIX = "";
			};
			name = Debug;
		};
		1D97FB8D1FBCF38B00D6C309 /* Release */ = {
			isa = XCBuildConfiguration;
			buildSettings = {
				BUILD_LIBRARY_FOR_DISTRIBUTION = YES;
				CLANG_ANALYZER_NONNULL = YES;
				CLANG_ANALYZER_NUMBER_OBJECT_CONVERSION = YES_AGGRESSIVE;
				CLANG_CXX_LANGUAGE_STANDARD = "gnu++14";
				CLANG_ENABLE_MODULES = YES;
				CLANG_ENABLE_OBJC_ARC = YES;
				CLANG_ENABLE_OBJC_WEAK = YES;
				CLANG_WARN_BLOCK_CAPTURE_AUTORELEASING = YES;
				CLANG_WARN_BOOL_CONVERSION = YES;
				CLANG_WARN_COMMA = YES;
				CLANG_WARN_CONSTANT_CONVERSION = YES;
				CLANG_WARN_DEPRECATED_OBJC_IMPLEMENTATIONS = YES;
				CLANG_WARN_DIRECT_OBJC_ISA_USAGE = YES_ERROR;
				CLANG_WARN_DOCUMENTATION_COMMENTS = YES;
				CLANG_WARN_EMPTY_BODY = YES;
				CLANG_WARN_ENUM_CONVERSION = YES;
				CLANG_WARN_INFINITE_RECURSION = YES;
				CLANG_WARN_INT_CONVERSION = YES;
				CLANG_WARN_NON_LITERAL_NULL_CONVERSION = YES;
				CLANG_WARN_OBJC_IMPLICIT_RETAIN_SELF = YES;
				CLANG_WARN_OBJC_LITERAL_CONVERSION = YES;
				CLANG_WARN_OBJC_ROOT_CLASS = YES_ERROR;
				CLANG_WARN_QUOTED_INCLUDE_IN_FRAMEWORK_HEADER = YES;
				CLANG_WARN_RANGE_LOOP_ANALYSIS = YES;
				CLANG_WARN_STRICT_PROTOTYPES = YES;
				CLANG_WARN_SUSPICIOUS_MOVE = YES;
				CLANG_WARN_UNGUARDED_AVAILABILITY = YES_AGGRESSIVE;
				CLANG_WARN_UNREACHABLE_CODE = YES;
				CLANG_WARN__DUPLICATE_METHOD_MATCH = YES;
				CODE_SIGN_IDENTITY = "";
				CODE_SIGN_STYLE = Manual;
				CURRENT_PROJECT_VERSION = 1;
				DEAD_CODE_STRIPPING = NO;
				DEFINES_MODULE = YES;
				DEVELOPMENT_TEAM = LUDVB6Z3BS;
				DYLIB_COMPATIBILITY_VERSION = 1;
				DYLIB_CURRENT_VERSION = 1;
				DYLIB_INSTALL_NAME_BASE = "@rpath";
				ENABLE_BITCODE = NO;
				ENABLE_MODULE_VERIFIER = YES;
				ENABLE_NS_ASSERTIONS = NO;
				ENABLE_STRICT_OBJC_MSGSEND = YES;
				FRAMEWORK_SEARCH_PATHS = "$(inherited)";
				GCC_C_LANGUAGE_STANDARD = gnu11;
				GCC_NO_COMMON_BLOCKS = YES;
				GCC_WARN_64_TO_32_BIT_CONVERSION = YES;
				GCC_WARN_ABOUT_RETURN_TYPE = YES_ERROR;
				GCC_WARN_UNDECLARED_SELECTOR = YES;
				GCC_WARN_UNINITIALIZED_AUTOS = YES_AGGRESSIVE;
				GCC_WARN_UNUSED_FUNCTION = YES;
				GCC_WARN_UNUSED_VARIABLE = YES;
				GENERATE_INFOPLIST_FILE = YES;
				HEADER_SEARCH_PATHS = "$(inherited)";
				INFOPLIST_KEY_NSHumanReadableCopyright = "Copyright © 2025 AppLovin. All rights reserved.";
				INSTALL_PATH = "$(LOCAL_LIBRARY_DIR)/Frameworks";
				IPHONEOS_DEPLOYMENT_TARGET = 12.0;
				LIBRARY_SEARCH_PATHS = "$(inherited)";
				LOCALIZATION_PREFERS_STRING_CATALOGS = YES;
				MACH_O_TYPE = staticlib;
				MARKETING_VERSION = 23.0.1.0;
				MODULE_VERIFIER_SUPPORTED_LANGUAGES = "objective-c objective-c++";
				MODULE_VERIFIER_SUPPORTED_LANGUAGE_STANDARDS = "gnu17 gnu++20";
				PRODUCT_NAME = AppLovinMediationSmaatoAdapter;
				SDKROOT = iphoneos;
				SKIP_INSTALL = YES;
				SWIFT_EMIT_LOC_STRINGS = YES;
				TARGETED_DEVICE_FAMILY = "1,2";
				VALIDATE_PRODUCT = YES;
				VERSIONING_SYSTEM = "apple-generic";
				VERSION_INFO_PREFIX = "";
			};
			name = Release;
		};
		25609B9D2E21D4F70055CBAD /* Debug */ = {
			isa = XCBuildConfiguration;
			baseConfigurationReference = 79DEDF58C619B2A4F38FA4AA /* Pods-SmaatoAdapter.debug.xcconfig */;
			buildSettings = {
				PRODUCT_BUNDLE_IDENTIFIER = com.applovin.mediation.adapters.SmaatoAdapter;
			};
			name = Debug;
		};
		25609B9E2E21D4F70055CBAD /* Release */ = {
			isa = XCBuildConfiguration;
			baseConfigurationReference = D26ADB658A4108A4A10C51CB /* Pods-SmaatoAdapter.release.xcconfig */;
			buildSettings = {
				PRODUCT_BUNDLE_IDENTIFIER = com.applovin.mediation.adapters.SmaatoAdapter;
			};
			name = Release;
		};
/* End XCBuildConfiguration section */

/* Begin XCConfigurationList section */
		1D97FB801FBCF38B00D6C309 /* Build configuration list for PBXProject "SmaatoAdapter" */ = {
			isa = XCConfigurationList;
			buildConfigurations = (
				1D97FB8C1FBCF38B00D6C309 /* Debug */,
				1D97FB8D1FBCF38B00D6C309 /* Release */,
			);
			defaultConfigurationIsVisible = 0;
			defaultConfigurationName = Release;
		};
		25C0B35F2CBDA75E0027222A /* Build configuration list for PBXNativeTarget "SmaatoAdapter" */ = {
			isa = XCConfigurationList;
			buildConfigurations = (
				25609B9D2E21D4F70055CBAD /* Debug */,
				25609B9E2E21D4F70055CBAD /* Release */,
			);
			defaultConfigurationIsVisible = 0;
			defaultConfigurationName = Release;
		};
/* End XCConfigurationList section */
	};
	rootObject = 1D97FB7D1FBCF38B00D6C309 /* Project object */;
}
