// !$*UTF8*$!
{
	archiveVersion = 1;
	classes = {
	};
	objectVersion = 48;
	objects = {

/* Begin PBXBuildFile section */
		6A561CF2219BB5E100E3749A /* ALMoPubMediationAdapter.m in Sources */ = {isa = PBXBuildFile; fileRef = 6A561CD9219BB58C00E3749A /* ALMoPubMediationAdapter.m */; };
		6A561CF4219BB5E100E3749A /* AppLovinSDK.framework in Frameworks */ = {isa = PBXBuildFile; fileRef = 1D31B64D219BA4E600875D92 /* AppLovinSDK.framework */; };
/* End PBXBuildFile section */

/* Begin PBXCopyFilesBuildPhase section */
		6A561CF5219BB5E100E3749A /* Copy Files */ = {
			isa = PBXCopyFilesBuildPhase;
			buildActionMask = 2147483647;
			dstPath = "include/$(PRODUCT_NAME)";
			dstSubfolderSpec = 16;
			files = (
			);
			name = "Copy Files";
			runOnlyForDeploymentPostprocessing = 0;
		};
/* End PBXCopyFilesBuildPhase section */

/* Begin PBXFileReference section */
		1D31B64D219BA4E600875D92 /* AppLovinSDK.framework */ = {isa = PBXFileReference; explicitFileType = wrapper.framework; path = AppLovinSDK.framework; sourceTree = BUILT_PRODUCTS_DIR; };
		1D9AE8E221423C7D00080475 /* CFNetwork.framework */ = {isa = PBXFileReference; lastKnownFileType = wrapper.framework; name = CFNetwork.framework; path = System/Library/Frameworks/CFNetwork.framework; sourceTree = SDKROOT; };
		1D9AE8E321423C7D00080475 /* SafariServices.framework */ = {isa = PBXFileReference; lastKnownFileType = wrapper.framework; name = SafariServices.framework; path = System/Library/Frameworks/SafariServices.framework; sourceTree = SDKROOT; };
		1D9AE8E421423C7D00080475 /* CoreFoundation.framework */ = {isa = PBXFileReference; lastKnownFileType = wrapper.framework; name = CoreFoundation.framework; path = System/Library/Frameworks/CoreFoundation.framework; sourceTree = SDKROOT; };
		1D9AE8E521423C7E00080475 /* Foundation.framework */ = {isa = PBXFileReference; lastKnownFileType = wrapper.framework; name = Foundation.framework; path = System/Library/Frameworks/Foundation.framework; sourceTree = SDKROOT; };
		1D9AE8E621423C7E00080475 /* MediaPlayer.framework */ = {isa = PBXFileReference; lastKnownFileType = wrapper.framework; name = MediaPlayer.framework; path = System/Library/Frameworks/MediaPlayer.framework; sourceTree = SDKROOT; };
		1D9AE8E721423C7E00080475 /* WebKit.framework */ = {isa = PBXFileReference; lastKnownFileType = wrapper.framework; name = WebKit.framework; path = System/Library/Frameworks/WebKit.framework; sourceTree = SDKROOT; };
		1D9AE8E821423C7E00080475 /* UIKit.framework */ = {isa = PBXFileReference; lastKnownFileType = wrapper.framework; name = UIKit.framework; path = System/Library/Frameworks/UIKit.framework; sourceTree = SDKROOT; };
		1D9AE8E921423C7E00080475 /* AVKit.framework */ = {isa = PBXFileReference; lastKnownFileType = wrapper.framework; name = AVKit.framework; path = System/Library/Frameworks/AVKit.framework; sourceTree = SDKROOT; };
		1D9AE8EA21423C7E00080475 /* SystemConfiguration.framework */ = {isa = PBXFileReference; lastKnownFileType = wrapper.framework; name = SystemConfiguration.framework; path = System/Library/Frameworks/SystemConfiguration.framework; sourceTree = SDKROOT; };
		1D9AE8EB21423C7E00080475 /* AdSupport.framework */ = {isa = PBXFileReference; lastKnownFileType = wrapper.framework; name = AdSupport.framework; path = System/Library/Frameworks/AdSupport.framework; sourceTree = SDKROOT; };
		1D9AE8EC21423C7E00080475 /* AVFoundation.framework */ = {isa = PBXFileReference; lastKnownFileType = wrapper.framework; name = AVFoundation.framework; path = System/Library/Frameworks/AVFoundation.framework; sourceTree = SDKROOT; };
		1D9AE8ED21423C7E00080475 /* CoreTelephony.framework */ = {isa = PBXFileReference; lastKnownFileType = wrapper.framework; name = CoreTelephony.framework; path = System/Library/Frameworks/CoreTelephony.framework; sourceTree = SDKROOT; };
		1D9AE8EE21423C7E00080475 /* CoreData.framework */ = {isa = PBXFileReference; lastKnownFileType = wrapper.framework; name = CoreData.framework; path = System/Library/Frameworks/CoreData.framework; sourceTree = SDKROOT; };
		1D9AE8FC21423C9200080475 /* QuartzCore.framework */ = {isa = PBXFileReference; lastKnownFileType = wrapper.framework; name = QuartzCore.framework; path = System/Library/Frameworks/QuartzCore.framework; sourceTree = SDKROOT; };
		6A561CD9219BB58C00E3749A /* ALMoPubMediationAdapter.m */ = {isa = PBXFileReference; fileEncoding = 4; lastKnownFileType = sourcecode.c.objc; path = ALMoPubMediationAdapter.m; sourceTree = "<group>"; };
		6A561CDA219BB58C00E3749A /* ALMoPubMediationAdapter.h */ = {isa = PBXFileReference; fileEncoding = 4; lastKnownFileType = sourcecode.c.h; path = ALMoPubMediationAdapter.h; sourceTree = "<group>"; };
		6A561CF9219BB5E100E3749A /* libMoPubAdapter.a */ = {isa = PBXFileReference; explicitFileType = archive.ar; includeInIndex = 0; path = libMoPubAdapter.a; sourceTree = BUILT_PRODUCTS_DIR; };
		6A5A633421C0874500B755D7 /* AppLovinMediationMoPubAdapter.podspec */ = {isa = PBXFileReference; lastKnownFileType = text; path = AppLovinMediationMoPubAdapter.podspec; sourceTree = "<group>"; };
		6A5A633521C0874500B755D7 /* CHANGELOG.md */ = {isa = PBXFileReference; lastKnownFileType = net.daringfireball.markdown; path = CHANGELOG.md; sourceTree = "<group>"; };
/* End PBXFileReference section */

/* Begin PBXFrameworksBuildPhase section */
		6A561CF3219BB5E100E3749A /* Frameworks */ = {
			isa = PBXFrameworksBuildPhase;
			buildActionMask = 2147483647;
			files = (
				6A561CF4219BB5E100E3749A /* AppLovinSDK.framework in Frameworks */,
			);
			runOnlyForDeploymentPostprocessing = 0;
		};
/* End PBXFrameworksBuildPhase section */

/* Begin PBXGroup section */
		1D2303A61FBCF4C7001939D7 /* Frameworks */ = {
			isa = PBXGroup;
			children = (
				1D31B64D219BA4E600875D92 /* AppLovinSDK.framework */,
				1D9AE8FC21423C9200080475 /* QuartzCore.framework */,
				1D9AE8EB21423C7E00080475 /* AdSupport.framework */,
				1D9AE8EC21423C7E00080475 /* AVFoundation.framework */,
				1D9AE8E921423C7E00080475 /* AVKit.framework */,
				1D9AE8E221423C7D00080475 /* CFNetwork.framework */,
				1D9AE8EE21423C7E00080475 /* CoreData.framework */,
				1D9AE8E421423C7D00080475 /* CoreFoundation.framework */,
				1D9AE8ED21423C7E00080475 /* CoreTelephony.framework */,
				1D9AE8E521423C7E00080475 /* Foundation.framework */,
				1D9AE8E621423C7E00080475 /* MediaPlayer.framework */,
				1D9AE8E321423C7D00080475 /* SafariServices.framework */,
				1D9AE8EA21423C7E00080475 /* SystemConfiguration.framework */,
				1D9AE8E821423C7E00080475 /* UIKit.framework */,
				1D9AE8E721423C7E00080475 /* WebKit.framework */,
			);
			name = Frameworks;
			sourceTree = "<group>";
		};
		1D97FB7C1FBCF38B00D6C309 = {
			isa = PBXGroup;
			children = (
				6A561CD8219BB58C00E3749A /* MoPubAdapter */,
				6A5A632621C086B700B755D7 /* Supporting Files */,
				1D97FB861FBCF38B00D6C309 /* Products */,
				1D2303A61FBCF4C7001939D7 /* Frameworks */,
			);
			sourceTree = "<group>";
		};
		1D97FB861FBCF38B00D6C309 /* Products */ = {
			isa = PBXGroup;
			children = (
				6A561CF9219BB5E100E3749A /* libMoPubAdapter.a */,
			);
			name = Products;
			sourceTree = "<group>";
		};
		6A561CD8219BB58C00E3749A /* MoPubAdapter */ = {
			isa = PBXGroup;
			children = (
				6A561CDA219BB58C00E3749A /* ALMoPubMediationAdapter.h */,
				6A561CD9219BB58C00E3749A /* ALMoPubMediationAdapter.m */,
			);
			path = MoPubAdapter;
			sourceTree = "<group>";
		};
		6A5A632621C086B700B755D7 /* Supporting Files */ = {
			isa = PBXGroup;
			children = (
				6A5A633421C0874500B755D7 /* AppLovinMediationMoPubAdapter.podspec */,
				6A5A633521C0874500B755D7 /* CHANGELOG.md */,
			);
			name = "Supporting Files";
			sourceTree = "<group>";
		};
/* End PBXGroup section */

/* Begin PBXNativeTarget section */
		6A561CF0219BB5E100E3749A /* MoPubAdapter */ = {
			isa = PBXNativeTarget;
			buildConfigurationList = 6A561CF6219BB5E100E3749A /* Build configuration list for PBXNativeTarget "MoPubAdapter" */;
			buildPhases = (
				6A561CF1219BB5E100E3749A /* Sources */,
				6A561CF3219BB5E100E3749A /* Frameworks */,
				6A561CF5219BB5E100E3749A /* Copy Files */,
			);
			buildRules = (
			);
			dependencies = (
			);
			name = MoPubAdapter;
			productName = "Unity Plugin";
			productReference = 6A561CF9219BB5E100E3749A /* libMoPubAdapter.a */;
			productType = "com.apple.product-type.library.static";
		};
/* End PBXNativeTarget section */

/* Begin PBXProject section */
		1D97FB7D1FBCF38B00D6C309 /* Project object */ = {
			isa = PBXProject;
			attributes = {
				LastUpgradeCheck = 1300;
				ORGANIZATIONNAME = AppLovin;
				TargetAttributes = {
					6A561CF0219BB5E100E3749A = {
						ProvisioningStyle = Manual;
					};
				};
			};
			buildConfigurationList = 1D97FB801FBCF38B00D6C309 /* Build configuration list for PBXProject "MoPubAdapter" */;
			compatibilityVersion = "Xcode 8.0";
			developmentRegion = en;
			hasScannedForEncodings = 0;
			knownRegions = (
				en,
				Base,
			);
			mainGroup = 1D97FB7C1FBCF38B00D6C309;
			productRefGroup = 1D97FB861FBCF38B00D6C309 /* Products */;
			projectDirPath = "";
			projectRoot = "";
			targets = (
				6A561CF0219BB5E100E3749A /* MoPubAdapter */,
			);
		};
/* End PBXProject section */

/* Begin PBXSourcesBuildPhase section */
		6A561CF1219BB5E100E3749A /* Sources */ = {
			isa = PBXSourcesBuildPhase;
			buildActionMask = 2147483647;
			files = (
				6A561CF2219BB5E100E3749A /* ALMoPubMediationAdapter.m in Sources */,
			);
			runOnlyForDeploymentPostprocessing = 0;
		};
/* End PBXSourcesBuildPhase section */

/* Begin XCBuildConfiguration section */
		1D97FB8C1FBCF38B00D6C309 /* Debug */ = {
			isa = XCBuildConfiguration;
			buildSettings = {
				ALWAYS_SEARCH_USER_PATHS = NO;
				CLANG_ANALYZER_NONNULL = YES;
				CLANG_ANALYZER_NUMBER_OBJECT_CONVERSION = YES_AGGRESSIVE;
				CLANG_CXX_LANGUAGE_STANDARD = "gnu++14";
				CLANG_CXX_LIBRARY = "libc++";
				CLANG_ENABLE_MODULES = YES;
				CLANG_ENABLE_OBJC_ARC = YES;
				CLANG_WARN_BLOCK_CAPTURE_AUTORELEASING = YES;
				CLANG_WARN_BOOL_CONVERSION = YES;
				CLANG_WARN_COMMA = YES;
				CLANG_WARN_CONSTANT_CONVERSION = YES;
				CLANG_WARN_DEPRECATED_OBJC_IMPLEMENTATIONS = YES;
				CLANG_WARN_DIRECT_OBJC_ISA_USAGE = YES_ERROR;
				CLANG_WARN_DOCUMENTATION_COMMENTS = YES;
				CLANG_WARN_EMPTY_BODY = YES;
				CLANG_WARN_ENUM_CONVERSION = YES;
				CLANG_WARN_INFINITE_RECURSION = YES;
				CLANG_WARN_INT_CONVERSION = YES;
				CLANG_WARN_NON_LITERAL_NULL_CONVERSION = YES;
				CLANG_WARN_OBJC_IMPLICIT_RETAIN_SELF = YES;
				CLANG_WARN_OBJC_LITERAL_CONVERSION = YES;
				CLANG_WARN_OBJC_ROOT_CLASS = YES_ERROR;
				CLANG_WARN_QUOTED_INCLUDE_IN_FRAMEWORK_HEADER = YES;
				CLANG_WARN_RANGE_LOOP_ANALYSIS = YES;
				CLANG_WARN_STRICT_PROTOTYPES = YES;
				CLANG_WARN_SUSPICIOUS_MOVE = YES;
				CLANG_WARN_UNGUARDED_AVAILABILITY = YES_AGGRESSIVE;
				CLANG_WARN_UNREACHABLE_CODE = YES;
				CLANG_WARN__DUPLICATE_METHOD_MATCH = YES;
				CODE_SIGN_IDENTITY = "iPhone Developer";
				COPY_PHASE_STRIP = NO;
				DEBUG_INFORMATION_FORMAT = dwarf;
				ENABLE_STRICT_OBJC_MSGSEND = YES;
				ENABLE_TESTABILITY = YES;
				FRAMEWORK_SEARCH_PATHS = "";
				GCC_C_LANGUAGE_STANDARD = gnu11;
				GCC_DYNAMIC_NO_PIC = NO;
				GCC_NO_COMMON_BLOCKS = YES;
				GCC_OPTIMIZATION_LEVEL = 0;
				GCC_PREPROCESSOR_DEFINITIONS = (
					"DEBUG=1",
					"$(inherited)",
				);
				GCC_WARN_64_TO_32_BIT_CONVERSION = YES;
				GCC_WARN_ABOUT_RETURN_TYPE = YES_ERROR;
				GCC_WARN_UNDECLARED_SELECTOR = YES;
				GCC_WARN_UNINITIALIZED_AUTOS = YES_AGGRESSIVE;
				GCC_WARN_UNUSED_FUNCTION = YES;
				GCC_WARN_UNUSED_VARIABLE = YES;
				HEADER_SEARCH_PATHS = "$PROJECT_DIR/../iOS-SDK/sdk/**";
				IPHONEOS_DEPLOYMENT_TARGET = 9.0;
				LIBRARY_SEARCH_PATHS = "";
				MTL_ENABLE_DEBUG_INFO = YES;
				ONLY_ACTIVE_ARCH = YES;
				SDKROOT = iphoneos;
				USER_HEADER_SEARCH_PATHS = "$PROJECT_DIR/../iOS-SDK/sdk/**";
				VALID_ARCHS = "$(ARCHS_STANDARD)";
			};
			name = Debug;
		};
		1D97FB8D1FBCF38B00D6C309 /* Release */ = {
			isa = XCBuildConfiguration;
			buildSettings = {
				ALWAYS_SEARCH_USER_PATHS = NO;
				CLANG_ANALYZER_NONNULL = YES;
				CLANG_ANALYZER_NUMBER_OBJECT_CONVERSION = YES_AGGRESSIVE;
				CLANG_CXX_LANGUAGE_STANDARD = "gnu++14";
				CLANG_CXX_LIBRARY = "libc++";
				CLANG_ENABLE_MODULES = YES;
				CLANG_ENABLE_OBJC_ARC = YES;
				CLANG_WARN_BLOCK_CAPTURE_AUTORELEASING = YES;
				CLANG_WARN_BOOL_CONVERSION = YES;
				CLANG_WARN_COMMA = YES;
				CLANG_WARN_CONSTANT_CONVERSION = YES;
				CLANG_WARN_DEPRECATED_OBJC_IMPLEMENTATIONS = YES;
				CLANG_WARN_DIRECT_OBJC_ISA_USAGE = YES_ERROR;
				CLANG_WARN_DOCUMENTATION_COMMENTS = YES;
				CLANG_WARN_EMPTY_BODY = YES;
				CLANG_WARN_ENUM_CONVERSION = YES;
				CLANG_WARN_INFINITE_RECURSION = YES;
				CLANG_WARN_INT_CONVERSION = YES;
				CLANG_WARN_NON_LITERAL_NULL_CONVERSION = YES;
				CLANG_WARN_OBJC_IMPLICIT_RETAIN_SELF = YES;
				CLANG_WARN_OBJC_LITERAL_CONVERSION = YES;
				CLANG_WARN_OBJC_ROOT_CLASS = YES_ERROR;
				CLANG_WARN_QUOTED_INCLUDE_IN_FRAMEWORK_HEADER = YES;
				CLANG_WARN_RANGE_LOOP_ANALYSIS = YES;
				CLANG_WARN_STRICT_PROTOTYPES = YES;
				CLANG_WARN_SUSPICIOUS_MOVE = YES;
				CLANG_WARN_UNGUARDED_AVAILABILITY = YES_AGGRESSIVE;
				CLANG_WARN_UNREACHABLE_CODE = YES;
				CLANG_WARN__DUPLICATE_METHOD_MATCH = YES;
				CODE_SIGN_IDENTITY = "iPhone Developer";
				COPY_PHASE_STRIP = NO;
				DEBUG_INFORMATION_FORMAT = "dwarf-with-dsym";
				ENABLE_NS_ASSERTIONS = NO;
				ENABLE_STRICT_OBJC_MSGSEND = YES;
				FRAMEWORK_SEARCH_PATHS = "";
				GCC_C_LANGUAGE_STANDARD = gnu11;
				GCC_NO_COMMON_BLOCKS = YES;
				GCC_WARN_64_TO_32_BIT_CONVERSION = YES;
				GCC_WARN_ABOUT_RETURN_TYPE = YES_ERROR;
				GCC_WARN_UNDECLARED_SELECTOR = YES;
				GCC_WARN_UNINITIALIZED_AUTOS = YES_AGGRESSIVE;
				GCC_WARN_UNUSED_FUNCTION = YES;
				GCC_WARN_UNUSED_VARIABLE = YES;
				HEADER_SEARCH_PATHS = "$PROJECT_DIR/../iOS-SDK/sdk/**";
				IPHONEOS_DEPLOYMENT_TARGET = 9.0;
				LIBRARY_SEARCH_PATHS = "";
				MTL_ENABLE_DEBUG_INFO = NO;
				ONLY_ACTIVE_ARCH = NO;
				SDKROOT = iphoneos;
				USER_HEADER_SEARCH_PATHS = "$PROJECT_DIR/../iOS-SDK/sdk/**";
				VALIDATE_PRODUCT = YES;
				VALID_ARCHS = "$(ARCHS_STANDARD)";
			};
			name = Release;
		};
		6A561CF7219BB5E100E3749A /* Debug */ = {
			isa = XCBuildConfiguration;
			buildSettings = {
				CODE_SIGN_STYLE = Manual;
				DEAD_CODE_STRIPPING = NO;
				DEVELOPMENT_TEAM = X8JXXK4FF5;
				FRAMEWORK_SEARCH_PATHS = "";
				HEADER_SEARCH_PATHS = "../../iOS-Workspace/Pods/mopub-ios-sdk/MoPubSDK/**";
				IPHONEOS_DEPLOYMENT_TARGET = 9.0;
				LIBRARY_SEARCH_PATHS = "$(inherited)";
				ONLY_ACTIVE_ARCH = YES;
				OTHER_CFLAGS = "-fembed-bitcode-marker";
				OTHER_LDFLAGS = "$(inherited)";
				PRODUCT_NAME = "$(TARGET_NAME)";
				SKIP_INSTALL = YES;
				SYSTEM_FRAMEWORK_SEARCH_PATHS = "";
				TARGETED_DEVICE_FAMILY = "1,2";
				USER_HEADER_SEARCH_PATHS = "$PROJECT_DIR/../../iOS-SDK/sdk/Public/** $PROJECT_DIR/../../iOS-SDK/sdk/Private/**";
			};
			name = Debug;
		};
		6A561CF8219BB5E100E3749A /* Release */ = {
			isa = XCBuildConfiguration;
			buildSettings = {
				CODE_SIGN_STYLE = Manual;
				DEAD_CODE_STRIPPING = NO;
				DEVELOPMENT_TEAM = X8JXXK4FF5;
				FRAMEWORK_SEARCH_PATHS = "";
				HEADER_SEARCH_PATHS = "../../iOS-Workspace/Pods/mopub-ios-sdk/MoPubSDK/**";
				IPHONEOS_DEPLOYMENT_TARGET = 9.0;
				LIBRARY_SEARCH_PATHS = "$(inherited)";
				OTHER_CFLAGS = "-fembed-bitcode";
				OTHER_LDFLAGS = "$(inherited)";
				PRODUCT_NAME = "$(TARGET_NAME)";
				SKIP_INSTALL = YES;
				SYSTEM_FRAMEWORK_SEARCH_PATHS = "";
				TARGETED_DEVICE_FAMILY = "1,2";
				USER_HEADER_SEARCH_PATHS = "$PROJECT_DIR/../../iOS-SDK/sdk/Public/** $PROJECT_DIR/../../iOS-SDK/sdk/Private/**";
			};
			name = Release;
		};
/* End XCBuildConfiguration section */

/* Begin XCConfigurationList section */
		1D97FB801FBCF38B00D6C309 /* Build configuration list for PBXProject "MoPubAdapter" */ = {
			isa = XCConfigurationList;
			buildConfigurations = (
				1D97FB8C1FBCF38B00D6C309 /* Debug */,
				1D97FB8D1FBCF38B00D6C309 /* Release */,
			);
			defaultConfigurationIsVisible = 0;
			defaultConfigurationName = Release;
		};
		6A561CF6219BB5E100E3749A /* Build configuration list for PBXNativeTarget "MoPubAdapter" */ = {
			isa = XCConfigurationList;
			buildConfigurations = (
				6A561CF7219BB5E100E3749A /* Debug */,
				6A561CF8219BB5E100E3749A /* Release */,
			);
			defaultConfigurationIsVisible = 0;
			defaultConfigurationName = Release;
		};
/* End XCConfigurationList section */
	};
	rootObject = 1D97FB7D1FBCF38B00D6C309 /* Project object */;
}
