// !$*UTF8*$!
{
	archiveVersion = 1;
	classes = {
	};
	objectVersion = 60;
	objects = {

/* Begin PBXBuildFile section */
		252256FC2E1EE8CD0094E383 /* ALFacebookMediationAdapter.m in Sources */ = {isa = PBXBuildFile; fileRef = 25DF1D732CBD9D6200D90D83 /* ALFacebookMediationAdapter.m */; };
		252256FD2E1EE8D00094E383 /* ALFacebookMediationAdapter.h in Headers */ = {isa = PBXBuildFile; fileRef = 25DF1D722CBD9D6200D90D83 /* ALFacebookMediationAdapter.h */; settings = {ATTRIBUTES = (Public, ); }; };
		252257072E1EF3980094E383 /* AppLovinSDK.framework in Frameworks */ = {isa = PBXBuildFile; fileRef = 252257062E1EF3980094E383 /* AppLovinSDK.framework */; };
		25FCB2CB2E26DEDB0025F901 /* AppLovinMediationFacebookAdapter.h in Headers */ = {isa = PBXBuildFile; fileRef = 25FCB2CA2E26DEDB0025F901 /* AppLovinMediationFacebookAdapter.h */; settings = {ATTRIBUTES = (Public, ); }; };
		AF1C3BF5EEE0632A827EE1C8 /* Pods_FacebookAdapter.framework in Frameworks */ = {isa = PBXBuildFile; fileRef = AF3E083A89A9CB29D4457F50 /* Pods_FacebookAdapter.framework */; };
/* End PBXBuildFile section */

/* Begin PBXFileReference section */
		0087F9999BFB5515C7DBC4C9 /* Pods-FacebookAdapter.debug.xcconfig */ = {isa = PBXFileReference; includeInIndex = 1; lastKnownFileType = text.xcconfig; name = "Pods-FacebookAdapter.debug.xcconfig"; path = "Target Support Files/Pods-FacebookAdapter/Pods-FacebookAdapter.debug.xcconfig"; sourceTree = "<group>"; };
		252257062E1EF3980094E383 /* AppLovinSDK.framework */ = {isa = PBXFileReference; explicitFileType = wrapper.framework; path = AppLovinSDK.framework; sourceTree = BUILT_PRODUCTS_DIR; };
		25DF1D662CBD9D4A00D90D83 /* AppLovinMediationFacebookAdapter.framework */ = {isa = PBXFileReference; explicitFileType = wrapper.framework; includeInIndex = 0; path = AppLovinMediationFacebookAdapter.framework; sourceTree = BUILT_PRODUCTS_DIR; };
		25DF1D722CBD9D6200D90D83 /* ALFacebookMediationAdapter.h */ = {isa = PBXFileReference; lastKnownFileType = sourcecode.c.h; path = ALFacebookMediationAdapter.h; sourceTree = "<group>"; };
		25DF1D732CBD9D6200D90D83 /* ALFacebookMediationAdapter.m */ = {isa = PBXFileReference; lastKnownFileType = sourcecode.c.objc; path = ALFacebookMediationAdapter.m; sourceTree = "<group>"; };
		25FCB2CA2E26DEDB0025F901 /* AppLovinMediationFacebookAdapter.h */ = {isa = PBXFileReference; lastKnownFileType = sourcecode.c.h; path = AppLovinMediationFacebookAdapter.h; sourceTree = "<group>"; };
		6A5A632C21C0872300B755D7 /* AppLovinMediationFacebookAdapter.podspec */ = {isa = PBXFileReference; lastKnownFileType = text; path = AppLovinMediationFacebookAdapter.podspec; sourceTree = "<group>"; };
		6A5A632D21C0872300B755D7 /* CHANGELOG.md */ = {isa = PBXFileReference; lastKnownFileType = net.daringfireball.markdown; path = CHANGELOG.md; sourceTree = "<group>"; };
		AF3E083A89A9CB29D4457F50 /* Pods_FacebookAdapter.framework */ = {isa = PBXFileReference; explicitFileType = wrapper.framework; includeInIndex = 0; path = Pods_FacebookAdapter.framework; sourceTree = BUILT_PRODUCTS_DIR; };
		E5EBD4C79E72A16207429898 /* Pods-FacebookAdapter.release.xcconfig */ = {isa = PBXFileReference; includeInIndex = 1; lastKnownFileType = text.xcconfig; name = "Pods-FacebookAdapter.release.xcconfig"; path = "Target Support Files/Pods-FacebookAdapter/Pods-FacebookAdapter.release.xcconfig"; sourceTree = "<group>"; };
/* End PBXFileReference section */

/* Begin PBXFrameworksBuildPhase section */
		FC6D6BBA3E3E82214400056A /* Frameworks */ = {
			isa = PBXFrameworksBuildPhase;
			buildActionMask = 2147483647;
			files = (
				252257072E1EF3980094E383 /* AppLovinSDK.framework in Frameworks */,
				AF1C3BF5EEE0632A827EE1C8 /* Pods_FacebookAdapter.framework in Frameworks */,
			);
			runOnlyForDeploymentPostprocessing = 0;
		};
/* End PBXFrameworksBuildPhase section */

/* Begin PBXGroup section */
		1D2303A61FBCF4C7001939D7 /* Frameworks */ = {
			isa = PBXGroup;
			children = (
				252257062E1EF3980094E383 /* AppLovinSDK.framework */,
				AF3E083A89A9CB29D4457F50 /* Pods_FacebookAdapter.framework */,
			);
			name = Frameworks;
			sourceTree = "<group>";
		};
		1D97FB7C1FBCF38B00D6C309 = {
			isa = PBXGroup;
			children = (
				25DF1D752CBD9D6200D90D83 /* FacebookAdapter */,
				6A12947E21C086620052F283 /* Supporting Files */,
				1D97FB861FBCF38B00D6C309 /* Products */,
				1D2303A61FBCF4C7001939D7 /* Frameworks */,
				2BD0934573B86BAABA36ADE0 /* Pods */,
			);
			sourceTree = "<group>";
		};
		1D97FB861FBCF38B00D6C309 /* Products */ = {
			isa = PBXGroup;
			children = (
				25DF1D662CBD9D4A00D90D83 /* AppLovinMediationFacebookAdapter.framework */,
			);
			name = Products;
			sourceTree = "<group>";
		};
		25DF1D752CBD9D6200D90D83 /* FacebookAdapter */ = {
			isa = PBXGroup;
			children = (
				25FCB2CA2E26DEDB0025F901 /* AppLovinMediationFacebookAdapter.h */,
				25DF1D722CBD9D6200D90D83 /* ALFacebookMediationAdapter.h */,
				25DF1D732CBD9D6200D90D83 /* ALFacebookMediationAdapter.m */,
			);
			path = FacebookAdapter;
			sourceTree = "<group>";
		};
		2BD0934573B86BAABA36ADE0 /* Pods */ = {
			isa = PBXGroup;
			children = (
				0087F9999BFB5515C7DBC4C9 /* Pods-FacebookAdapter.debug.xcconfig */,
				E5EBD4C79E72A16207429898 /* Pods-FacebookAdapter.release.xcconfig */,
			);
			name = Pods;
			path = "../../iOS-Workspace/Pods";
			sourceTree = "<group>";
		};
		6A12947E21C086620052F283 /* Supporting Files */ = {
			isa = PBXGroup;
			children = (
				6A5A632C21C0872300B755D7 /* AppLovinMediationFacebookAdapter.podspec */,
				6A5A632D21C0872300B755D7 /* CHANGELOG.md */,
			);
			name = "Supporting Files";
			sourceTree = "<group>";
		};
/* End PBXGroup section */

/* Begin PBXHeadersBuildPhase section */
		252256FA2E1EE8BA0094E383 /* Headers */ = {
			isa = PBXHeadersBuildPhase;
			buildActionMask = 2147483647;
			files = (
				25FCB2CB2E26DEDB0025F901 /* AppLovinMediationFacebookAdapter.h in Headers */,
				252256FD2E1EE8D00094E383 /* ALFacebookMediationAdapter.h in Headers */,
			);
			runOnlyForDeploymentPostprocessing = 0;
		};
/* End PBXHeadersBuildPhase section */

/* Begin PBXNativeTarget section */
		25DF1D652CBD9D4A00D90D83 /* FacebookAdapter */ = {
			isa = PBXNativeTarget;
			buildConfigurationList = 25DF1D6B2CBD9D4A00D90D83 /* Build configuration list for PBXNativeTarget "FacebookAdapter" */;
			buildPhases = (
				386F90EBEB592827721ADB8F /* [CP] Check Pods Manifest.lock */,
				37666633643336622D643162 /* Set Version String */,
				252256FA2E1EE8BA0094E383 /* Headers */,
				252256FB2E1EE8BD0094E383 /* Sources */,
				FC6D6BBA3E3E82214400056A /* Frameworks */,
				68A6394DF3DFA7426F296A56 /* [CP] Copy Pods Resources */,
			);
			buildRules = (
			);
			dependencies = (
			);
			name = FacebookAdapter;
			productName = AppLovinMediationFacebookAdapter;
			productReference = 25DF1D662CBD9D4A00D90D83 /* AppLovinMediationFacebookAdapter.framework */;
			productType = "com.apple.product-type.framework";
		};
/* End PBXNativeTarget section */

/* Begin PBXProject section */
		1D97FB7D1FBCF38B00D6C309 /* Project object */ = {
			isa = PBXProject;
			attributes = {
				LastUpgradeCheck = 1640;
				ORGANIZATIONNAME = AppLovin;
				TargetAttributes = {
					25DF1D652CBD9D4A00D90D83 = {
						CreatedOnToolsVersion = 16.0;
						ProvisioningStyle = Automatic;
					};
				};
			};
			buildConfigurationList = 1D97FB801FBCF38B00D6C309 /* Build configuration list for PBXProject "FacebookAdapter" */;
			compatibilityVersion = "Xcode 15.0";
			developmentRegion = en;
			hasScannedForEncodings = 0;
			knownRegions = (
				en,
				Base,
			);
			mainGroup = 1D97FB7C1FBCF38B00D6C309;
			productRefGroup = 1D97FB861FBCF38B00D6C309 /* Products */;
			projectDirPath = "";
			projectRoot = "";
			targets = (
				25DF1D652CBD9D4A00D90D83 /* FacebookAdapter */,
			);
		};
/* End PBXProject section */

/* Begin PBXShellScriptBuildPhase section */
		37666633643336622D643162 /* Set Version String */ = {
			isa = PBXShellScriptBuildPhase;
			alwaysOutOfDate = 1;
			buildActionMask = 2147483647;
			files = (
			);
			inputFileListPaths = (
			);
			inputPaths = (
			);
			name = "Set Version String";
			outputFileListPaths = (
			);
			outputPaths = (
			);
			runOnlyForDeploymentPostprocessing = 0;
			shellPath = /bin/bash;
			shellScript = "#!/usr/bin/env bash\n\nIFS='.' read -ra VERSION_PARTS <<< \"$MARKETING_VERSION\"\n\n# Get the last component (build number)\nLAST_INDEX=$((${#VERSION_PARTS[@]} - 1))\nBUILD_NUMBER=${VERSION_PARTS[$LAST_INDEX]}\n\n# Build version code from all components except the last\nVERSION_CODE=${VERSION_PARTS[0]}\nfor ((i=1; i<$LAST_INDEX; i++)); do\n    VERSION_CODE=\"${VERSION_CODE}$(printf \"%02d\" ${VERSION_PARTS[$i]})\"\ndone\n\n/usr/libexec/PlistBuddy -c \"Set :CFBundleShortVersionString ${VERSION_CODE}.0.${BUILD_NUMBER}\" \"${TARGET_BUILD_DIR}/${INFOPLIST_PATH}\"";
			showEnvVarsInLog = 0;
		};
		386F90EBEB592827721ADB8F /* [CP] Check Pods Manifest.lock */ = {
			isa = PBXShellScriptBuildPhase;
			buildActionMask = 2147483647;
			files = (
			);
			inputFileListPaths = (
			);
			inputPaths = (
				"${PODS_PODFILE_DIR_PATH}/Podfile.lock",
				"${PODS_ROOT}/Manifest.lock",
			);
			name = "[CP] Check Pods Manifest.lock";
			outputFileListPaths = (
			);
			outputPaths = (
				"$(DERIVED_FILE_DIR)/Pods-FacebookAdapter-checkManifestLockResult.txt",
			);
			runOnlyForDeploymentPostprocessing = 0;
			shellPath = /bin/sh;
			shellScript = "diff \"${PODS_PODFILE_DIR_PATH}/Podfile.lock\" \"${PODS_ROOT}/Manifest.lock\" > /dev/null\nif [ $? != 0 ] ; then\n    # print error to STDERR\n    echo \"error: The sandbox is not in sync with the Podfile.lock. Run 'pod install' or update your CocoaPods installation.\" >&2\n    exit 1\nfi\n# This output is used by Xcode 'outputs' to avoid re-running this script phase.\necho \"SUCCESS\" > \"${SCRIPT_OUTPUT_FILE_0}\"\n";
			showEnvVarsInLog = 0;
		};
		68A6394DF3DFA7426F296A56 /* [CP] Copy Pods Resources */ = {
			isa = PBXShellScriptBuildPhase;
			buildActionMask = 2147483647;
			files = (
			);
			inputFileListPaths = (
				"${PODS_ROOT}/Target Support Files/Pods-FacebookAdapter/Pods-FacebookAdapter-resources-${CONFIGURATION}-input-files.xcfilelist",
			);
			name = "[CP] Copy Pods Resources";
			outputFileListPaths = (
				"${PODS_ROOT}/Target Support Files/Pods-FacebookAdapter/Pods-FacebookAdapter-resources-${CONFIGURATION}-output-files.xcfilelist",
			);
			runOnlyForDeploymentPostprocessing = 0;
			shellPath = /bin/sh;
			shellScript = "\"${PODS_ROOT}/Target Support Files/Pods-FacebookAdapter/Pods-FacebookAdapter-resources.sh\"\n";
			showEnvVarsInLog = 0;
		};
/* End PBXShellScriptBuildPhase section */

/* Begin PBXSourcesBuildPhase section */
		252256FB2E1EE8BD0094E383 /* Sources */ = {
			isa = PBXSourcesBuildPhase;
			buildActionMask = 2147483647;
			files = (
				252256FC2E1EE8CD0094E383 /* ALFacebookMediationAdapter.m in Sources */,
			);
			runOnlyForDeploymentPostprocessing = 0;
		};
/* End PBXSourcesBuildPhase section */

/* Begin XCBuildConfiguration section */
		1D97FB8C1FBCF38B00D6C309 /* Debug */ = {
			isa = XCBuildConfiguration;
			buildSettings = {
				BUILD_LIBRARY_FOR_DISTRIBUTION = YES;
				CLANG_ANALYZER_NONNULL = YES;
				CLANG_ANALYZER_NUMBER_OBJECT_CONVERSION = YES_AGGRESSIVE;
				CLANG_CXX_LANGUAGE_STANDARD = "gnu++14";
				CLANG_ENABLE_MODULES = YES;
				CLANG_ENABLE_OBJC_ARC = YES;
				CLANG_ENABLE_OBJC_WEAK = YES;
				CLANG_WARN_BLOCK_CAPTURE_AUTORELEASING = YES;
				CLANG_WARN_BOOL_CONVERSION = YES;
				CLANG_WARN_COMMA = YES;
				CLANG_WARN_CONSTANT_CONVERSION = YES;
				CLANG_WARN_DEPRECATED_OBJC_IMPLEMENTATIONS = YES;
				CLANG_WARN_DIRECT_OBJC_ISA_USAGE = YES_ERROR;
				CLANG_WARN_DOCUMENTATION_COMMENTS = YES;
				CLANG_WARN_EMPTY_BODY = YES;
				CLANG_WARN_ENUM_CONVERSION = YES;
				CLANG_WARN_INFINITE_RECURSION = YES;
				CLANG_WARN_INT_CONVERSION = YES;
				CLANG_WARN_NON_LITERAL_NULL_CONVERSION = YES;
				CLANG_WARN_OBJC_IMPLICIT_RETAIN_SELF = YES;
				CLANG_WARN_OBJC_LITERAL_CONVERSION = YES;
				CLANG_WARN_OBJC_ROOT_CLASS = YES_ERROR;
				CLANG_WARN_QUOTED_INCLUDE_IN_FRAMEWORK_HEADER = YES;
				CLANG_WARN_RANGE_LOOP_ANALYSIS = YES;
				CLANG_WARN_STRICT_PROTOTYPES = YES;
				CLANG_WARN_SUSPICIOUS_MOVE = YES;
				CLANG_WARN_UNGUARDED_AVAILABILITY = YES_AGGRESSIVE;
				CLANG_WARN_UNREACHABLE_CODE = YES;
				CLANG_WARN__DUPLICATE_METHOD_MATCH = YES;
				CODE_SIGN_IDENTITY = "";
				CODE_SIGN_STYLE = Manual;
				COPY_PHASE_STRIP = NO;
				CURRENT_PROJECT_VERSION = 1;
				DEAD_CODE_STRIPPING = NO;
				DEBUG_INFORMATION_FORMAT = dwarf;
				DEFINES_MODULE = YES;
				DEVELOPMENT_TEAM = LUDVB6Z3BS;
				DYLIB_COMPATIBILITY_VERSION = 1;
				DYLIB_CURRENT_VERSION = 1;
				DYLIB_INSTALL_NAME_BASE = "@rpath";
				ENABLE_BITCODE = NO;
				ENABLE_STRICT_OBJC_MSGSEND = YES;
				ENABLE_TESTABILITY = YES;
				FRAMEWORK_SEARCH_PATHS = "$(inherited)";
				GCC_C_LANGUAGE_STANDARD = gnu11;
				GCC_DYNAMIC_NO_PIC = NO;
				GCC_NO_COMMON_BLOCKS = YES;
				GCC_OPTIMIZATION_LEVEL = 0;
				GCC_PREPROCESSOR_DEFINITIONS = (
					"DEBUG=1",
					"$(inherited)",
				);
				GCC_WARN_64_TO_32_BIT_CONVERSION = YES;
				GCC_WARN_ABOUT_RETURN_TYPE = YES_ERROR;
				GCC_WARN_UNDECLARED_SELECTOR = YES;
				GCC_WARN_UNINITIALIZED_AUTOS = YES_AGGRESSIVE;
				GCC_WARN_UNUSED_FUNCTION = YES;
				GCC_WARN_UNUSED_VARIABLE = YES;
				GENERATE_INFOPLIST_FILE = YES;
				HEADER_SEARCH_PATHS = "$(inherited)";
				INFOPLIST_KEY_NSHumanReadableCopyright = "Copyright © 2025 AppLovin. All rights reserved.";
				INSTALL_PATH = "$(LOCAL_LIBRARY_DIR)/Frameworks";
				IPHONEOS_DEPLOYMENT_TARGET = 13.0;
				LIBRARY_SEARCH_PATHS = "$(inherited)";
				LOCALIZATION_PREFERS_STRING_CATALOGS = YES;
				MACH_O_TYPE = staticlib;
				MARKETING_VERSION = 6.21.0.0;
				MODULE_VERIFIER_SUPPORTED_LANGUAGES = "objective-c objective-c++";
				MODULE_VERIFIER_SUPPORTED_LANGUAGE_STANDARDS = "gnu17 gnu++20";
				ONLY_ACTIVE_ARCH = YES;
				PRODUCT_NAME = AppLovinMediationFacebookAdapter;
				SDKROOT = iphoneos;
				SKIP_INSTALL = YES;
				SWIFT_EMIT_LOC_STRINGS = YES;
				TARGETED_DEVICE_FAMILY = "1,2";
				VERSIONING_SYSTEM = "apple-generic";
				VERSION_INFO_PREFIX = "";
			};
			name = Debug;
		};
		1D97FB8D1FBCF38B00D6C309 /* Release */ = {
			isa = XCBuildConfiguration;
			buildSettings = {
				BUILD_LIBRARY_FOR_DISTRIBUTION = YES;
				CLANG_ANALYZER_NONNULL = YES;
				CLANG_ANALYZER_NUMBER_OBJECT_CONVERSION = YES_AGGRESSIVE;
				CLANG_CXX_LANGUAGE_STANDARD = "gnu++14";
				CLANG_ENABLE_MODULES = YES;
				CLANG_ENABLE_OBJC_ARC = YES;
				CLANG_ENABLE_OBJC_WEAK = YES;
				CLANG_WARN_BLOCK_CAPTURE_AUTORELEASING = YES;
				CLANG_WARN_BOOL_CONVERSION = YES;
				CLANG_WARN_COMMA = YES;
				CLANG_WARN_CONSTANT_CONVERSION = YES;
				CLANG_WARN_DEPRECATED_OBJC_IMPLEMENTATIONS = YES;
				CLANG_WARN_DIRECT_OBJC_ISA_USAGE = YES_ERROR;
				CLANG_WARN_DOCUMENTATION_COMMENTS = YES;
				CLANG_WARN_EMPTY_BODY = YES;
				CLANG_WARN_ENUM_CONVERSION = YES;
				CLANG_WARN_INFINITE_RECURSION = YES;
				CLANG_WARN_INT_CONVERSION = YES;
				CLANG_WARN_NON_LITERAL_NULL_CONVERSION = YES;
				CLANG_WARN_OBJC_IMPLICIT_RETAIN_SELF = YES;
				CLANG_WARN_OBJC_LITERAL_CONVERSION = YES;
				CLANG_WARN_OBJC_ROOT_CLASS = YES_ERROR;
				CLANG_WARN_QUOTED_INCLUDE_IN_FRAMEWORK_HEADER = YES;
				CLANG_WARN_RANGE_LOOP_ANALYSIS = YES;
				CLANG_WARN_STRICT_PROTOTYPES = YES;
				CLANG_WARN_SUSPICIOUS_MOVE = YES;
				CLANG_WARN_UNGUARDED_AVAILABILITY = YES_AGGRESSIVE;
				CLANG_WARN_UNREACHABLE_CODE = YES;
				CLANG_WARN__DUPLICATE_METHOD_MATCH = YES;
				CODE_SIGN_IDENTITY = "";
				CODE_SIGN_STYLE = Manual;
				CURRENT_PROJECT_VERSION = 1;
				DEAD_CODE_STRIPPING = NO;
				DEFINES_MODULE = YES;
				DEVELOPMENT_TEAM = LUDVB6Z3BS;
				DYLIB_COMPATIBILITY_VERSION = 1;
				DYLIB_CURRENT_VERSION = 1;
				DYLIB_INSTALL_NAME_BASE = "@rpath";
				ENABLE_BITCODE = NO;
				ENABLE_MODULE_VERIFIER = YES;
				ENABLE_NS_ASSERTIONS = NO;
				ENABLE_STRICT_OBJC_MSGSEND = YES;
				FRAMEWORK_SEARCH_PATHS = "$(inherited)";
				GCC_C_LANGUAGE_STANDARD = gnu11;
				GCC_NO_COMMON_BLOCKS = YES;
				GCC_WARN_64_TO_32_BIT_CONVERSION = YES;
				GCC_WARN_ABOUT_RETURN_TYPE = YES_ERROR;
				GCC_WARN_UNDECLARED_SELECTOR = YES;
				GCC_WARN_UNINITIALIZED_AUTOS = YES_AGGRESSIVE;
				GCC_WARN_UNUSED_FUNCTION = YES;
				GCC_WARN_UNUSED_VARIABLE = YES;
				GENERATE_INFOPLIST_FILE = YES;
				HEADER_SEARCH_PATHS = "$(inherited)";
				INFOPLIST_KEY_NSHumanReadableCopyright = "Copyright © 2025 AppLovin. All rights reserved.";
				INSTALL_PATH = "$(LOCAL_LIBRARY_DIR)/Frameworks";
				IPHONEOS_DEPLOYMENT_TARGET = 13.0;
				LIBRARY_SEARCH_PATHS = "$(inherited)";
				LOCALIZATION_PREFERS_STRING_CATALOGS = YES;
				MACH_O_TYPE = staticlib;
				MARKETING_VERSION = 6.21.0.0;
				MODULE_VERIFIER_SUPPORTED_LANGUAGES = "objective-c objective-c++";
				MODULE_VERIFIER_SUPPORTED_LANGUAGE_STANDARDS = "gnu17 gnu++20";
				PRODUCT_NAME = AppLovinMediationFacebookAdapter;
				SDKROOT = iphoneos;
				SKIP_INSTALL = YES;
				SWIFT_EMIT_LOC_STRINGS = YES;
				TARGETED_DEVICE_FAMILY = "1,2";
				VALIDATE_PRODUCT = YES;
				VERSIONING_SYSTEM = "apple-generic";
				VERSION_INFO_PREFIX = "";
			};
			name = Release;
		};
		25DF1D6C2CBD9D4A00D90D83 /* Debug */ = {
			isa = XCBuildConfiguration;
			baseConfigurationReference = 0087F9999BFB5515C7DBC4C9 /* Pods-FacebookAdapter.debug.xcconfig */;
			buildSettings = {
				PRODUCT_BUNDLE_IDENTIFIER = com.applovin.mediation.adapters.FacebookAdapter;
			};
			name = Debug;
		};
		25DF1D6D2CBD9D4A00D90D83 /* Release */ = {
			isa = XCBuildConfiguration;
			baseConfigurationReference = E5EBD4C79E72A16207429898 /* Pods-FacebookAdapter.release.xcconfig */;
			buildSettings = {
				PRODUCT_BUNDLE_IDENTIFIER = com.applovin.mediation.adapters.FacebookAdapter;
			};
			name = Release;
		};
/* End XCBuildConfiguration section */

/* Begin XCConfigurationList section */
		1D97FB801FBCF38B00D6C309 /* Build configuration list for PBXProject "FacebookAdapter" */ = {
			isa = XCConfigurationList;
			buildConfigurations = (
				1D97FB8C1FBCF38B00D6C309 /* Debug */,
				1D97FB8D1FBCF38B00D6C309 /* Release */,
			);
			defaultConfigurationIsVisible = 0;
			defaultConfigurationName = Release;
		};
		25DF1D6B2CBD9D4A00D90D83 /* Build configuration list for PBXNativeTarget "FacebookAdapter" */ = {
			isa = XCConfigurationList;
			buildConfigurations = (
				25DF1D6C2CBD9D4A00D90D83 /* Debug */,
				25DF1D6D2CBD9D4A00D90D83 /* Release */,
			);
			defaultConfigurationIsVisible = 0;
			defaultConfigurationName = Release;
		};
/* End XCConfigurationList section */
	};
	rootObject = 1D97FB7D1FBCF38B00D6C309 /* Project object */;
}
