// !$*UTF8*$!
{
	archiveVersion = 1;
	classes = {
	};
	objectVersion = 60;
	objects = {

/* Begin PBXBuildFile section */
		25E013602CBD98300049569E /* ALBigoAdsMediationAdapter.h in Headers */ = {isa = PBXBuildFile; fileRef = 25E0135C2CBD98300049569E /* ALBigoAdsMediationAdapter.h */; settings = {ATTRIBUTES = (Public, ); }; };
		25E013622CBD98300049569E /* ALBigoAdsMediationAdapter.m in Sources */ = {isa = PBXBuildFile; fileRef = 25E0135D2CBD98300049569E /* ALBigoAdsMediationAdapter.m */; };
		25E013632CBD983D0049569E /* AppLovinSDK.framework in Frameworks */ = {isa = PBXBuildFile; fileRef = DECF26F22B915FDD0047766E /* AppLovinSDK.framework */; };
		25FCB2C52E26DE9A0025F901 /* AppLovinMediationBigoAdsAdapter.h in Headers */ = {isa = PBXBuildFile; fileRef = 25FCB2C42E26DE9A0025F901 /* AppLovinMediationBigoAdsAdapter.h */; settings = {ATTRIBUTES = (Public, ); }; };
		8A133D5922C7A2937BE46D1D /* Pods_BigoAdsAdapter.framework in Frameworks */ = {isa = PBXBuildFile; fileRef = 3DFC6E267EAFCE07342F1941 /* Pods_BigoAdsAdapter.framework */; };
/* End PBXBuildFile section */

/* Begin PBXFileReference section */
		259E459C2CDC142A0077E1DE /* AppLovinMediationBigoAdsAdapter.podspec */ = {isa = PBXFileReference; lastKnownFileType = text; path = AppLovinMediationBigoAdsAdapter.podspec; sourceTree = "<group>"; };
		259E459D2CDC142A0077E1DE /* CHANGELOG.md */ = {isa = PBXFileReference; lastKnownFileType = net.daringfireball.markdown; path = CHANGELOG.md; sourceTree = "<group>"; };
		25E013502CBD98000049569E /* AppLovinMediationBigoAdsAdapter.framework */ = {isa = PBXFileReference; explicitFileType = wrapper.framework; includeInIndex = 0; path = AppLovinMediationBigoAdsAdapter.framework; sourceTree = BUILT_PRODUCTS_DIR; };
		25E0135C2CBD98300049569E /* ALBigoAdsMediationAdapter.h */ = {isa = PBXFileReference; lastKnownFileType = sourcecode.c.h; path = ALBigoAdsMediationAdapter.h; sourceTree = "<group>"; };
		25E0135D2CBD98300049569E /* ALBigoAdsMediationAdapter.m */ = {isa = PBXFileReference; lastKnownFileType = sourcecode.c.objc; path = ALBigoAdsMediationAdapter.m; sourceTree = "<group>"; };
		25FCB2C42E26DE9A0025F901 /* AppLovinMediationBigoAdsAdapter.h */ = {isa = PBXFileReference; lastKnownFileType = sourcecode.c.h; path = AppLovinMediationBigoAdsAdapter.h; sourceTree = "<group>"; };
		3DFC6E267EAFCE07342F1941 /* Pods_BigoAdsAdapter.framework */ = {isa = PBXFileReference; explicitFileType = wrapper.framework; includeInIndex = 0; path = Pods_BigoAdsAdapter.framework; sourceTree = BUILT_PRODUCTS_DIR; };
		C30FD4959ECDE1EDFF4BB4F2 /* Pods-BigoAdsAdapter.release.xcconfig */ = {isa = PBXFileReference; includeInIndex = 1; lastKnownFileType = text.xcconfig; name = "Pods-BigoAdsAdapter.release.xcconfig"; path = "Target Support Files/Pods-BigoAdsAdapter/Pods-BigoAdsAdapter.release.xcconfig"; sourceTree = "<group>"; };
		DECF26F22B915FDD0047766E /* AppLovinSDK.framework */ = {isa = PBXFileReference; explicitFileType = wrapper.framework; path = AppLovinSDK.framework; sourceTree = BUILT_PRODUCTS_DIR; };
		E7F667C0A2A7C48D1838A780 /* Pods-BigoAdsAdapter.debug.xcconfig */ = {isa = PBXFileReference; includeInIndex = 1; lastKnownFileType = text.xcconfig; name = "Pods-BigoAdsAdapter.debug.xcconfig"; path = "Target Support Files/Pods-BigoAdsAdapter/Pods-BigoAdsAdapter.debug.xcconfig"; sourceTree = "<group>"; };
/* End PBXFileReference section */

/* Begin PBXFrameworksBuildPhase section */
		25E0134D2CBD98000049569E /* Frameworks */ = {
			isa = PBXFrameworksBuildPhase;
			buildActionMask = 2147483647;
			files = (
				25E013632CBD983D0049569E /* AppLovinSDK.framework in Frameworks */,
				8A133D5922C7A2937BE46D1D /* Pods_BigoAdsAdapter.framework in Frameworks */,
			);
			runOnlyForDeploymentPostprocessing = 0;
		};
/* End PBXFrameworksBuildPhase section */

/* Begin PBXGroup section */
		259E459B2CDC13E40077E1DE /* Supporting Files */ = {
			isa = PBXGroup;
			children = (
				259E459C2CDC142A0077E1DE /* AppLovinMediationBigoAdsAdapter.podspec */,
				259E459D2CDC142A0077E1DE /* CHANGELOG.md */,
			);
			name = "Supporting Files";
			sourceTree = "<group>";
		};
		25E0135F2CBD98300049569E /* BigoAdsAdapter */ = {
			isa = PBXGroup;
			children = (
				25FCB2C42E26DE9A0025F901 /* AppLovinMediationBigoAdsAdapter.h */,
				25E0135C2CBD98300049569E /* ALBigoAdsMediationAdapter.h */,
				25E0135D2CBD98300049569E /* ALBigoAdsMediationAdapter.m */,
			);
			path = BigoAdsAdapter;
			sourceTree = "<group>";
		};
		4AC827438718A86E9199F898 /* Pods */ = {
			isa = PBXGroup;
			children = (
				E7F667C0A2A7C48D1838A780 /* Pods-BigoAdsAdapter.debug.xcconfig */,
				C30FD4959ECDE1EDFF4BB4F2 /* Pods-BigoAdsAdapter.release.xcconfig */,
			);
			name = Pods;
			path = "../../iOS-Workspace/Pods";
			sourceTree = "<group>";
		};
		DE2719802B7BE770007F75F0 = {
			isa = PBXGroup;
			children = (
				25E0135F2CBD98300049569E /* BigoAdsAdapter */,
				259E459B2CDC13E40077E1DE /* Supporting Files */,
				DE27198A2B7BE770007F75F0 /* Products */,
				4AC827438718A86E9199F898 /* Pods */,
				ECC9F647EE2885CC80B71636 /* Frameworks */,
			);
			sourceTree = "<group>";
		};
		DE27198A2B7BE770007F75F0 /* Products */ = {
			isa = PBXGroup;
			children = (
				25E013502CBD98000049569E /* AppLovinMediationBigoAdsAdapter.framework */,
			);
			name = Products;
			sourceTree = "<group>";
		};
		ECC9F647EE2885CC80B71636 /* Frameworks */ = {
			isa = PBXGroup;
			children = (
				DECF26F22B915FDD0047766E /* AppLovinSDK.framework */,
				3DFC6E267EAFCE07342F1941 /* Pods_BigoAdsAdapter.framework */,
			);
			name = Frameworks;
			sourceTree = "<group>";
		};
/* End PBXGroup section */

/* Begin PBXHeadersBuildPhase section */
		25E0134B2CBD98000049569E /* Headers */ = {
			isa = PBXHeadersBuildPhase;
			buildActionMask = 2147483647;
			files = (
				25FCB2C52E26DE9A0025F901 /* AppLovinMediationBigoAdsAdapter.h in Headers */,
				25E013602CBD98300049569E /* ALBigoAdsMediationAdapter.h in Headers */,
			);
			runOnlyForDeploymentPostprocessing = 0;
		};
/* End PBXHeadersBuildPhase section */

/* Begin PBXNativeTarget section */
		25E0134F2CBD98000049569E /* BigoAdsAdapter */ = {
			isa = PBXNativeTarget;
			buildConfigurationList = 25E013552CBD98000049569E /* Build configuration list for PBXNativeTarget "BigoAdsAdapter" */;
			buildPhases = (
				AD2990B9D64E09BB0DC94724 /* [CP] Check Pods Manifest.lock */,
				25E0134B2CBD98000049569E /* Headers */,
				25E0134C2CBD98000049569E /* Sources */,
				25E0134D2CBD98000049569E /* Frameworks */,
				6500D803A6226227FE6276E0 /* [CP] Copy Pods Resources */,
			);
			buildRules = (
			);
			dependencies = (
			);
			name = BigoAdsAdapter;
			productName = AppLovinMediationBigoAdsAdapter;
			productReference = 25E013502CBD98000049569E /* AppLovinMediationBigoAdsAdapter.framework */;
			productType = "com.apple.product-type.framework";
		};
/* End PBXNativeTarget section */

/* Begin PBXProject section */
		DE2719812B7BE770007F75F0 /* Project object */ = {
			isa = PBXProject;
			attributes = {
				BuildIndependentTargetsInParallel = 1;
				LastUpgradeCheck = 1640;
				ORGANIZATIONNAME = AppLovin;
				TargetAttributes = {
					25E0134F2CBD98000049569E = {
						CreatedOnToolsVersion = 16.0;
					};
				};
			};
			buildConfigurationList = DE2719842B7BE770007F75F0 /* Build configuration list for PBXProject "BigoAdsAdapter" */;
			compatibilityVersion = "Xcode 15.0";
			developmentRegion = en;
			hasScannedForEncodings = 0;
			knownRegions = (
				en,
				Base,
			);
			mainGroup = DE2719802B7BE770007F75F0;
			productRefGroup = DE27198A2B7BE770007F75F0 /* Products */;
			projectDirPath = "";
			projectRoot = "";
			targets = (
				25E0134F2CBD98000049569E /* BigoAdsAdapter */,
			);
		};
/* End PBXProject section */

/* Begin PBXShellScriptBuildPhase section */
		6500D803A6226227FE6276E0 /* [CP] Copy Pods Resources */ = {
			isa = PBXShellScriptBuildPhase;
			buildActionMask = 2147483647;
			files = (
			);
			inputFileListPaths = (
				"${PODS_ROOT}/Target Support Files/Pods-BigoAdsAdapter/Pods-BigoAdsAdapter-resources-${CONFIGURATION}-input-files.xcfilelist",
			);
			name = "[CP] Copy Pods Resources";
			outputFileListPaths = (
				"${PODS_ROOT}/Target Support Files/Pods-BigoAdsAdapter/Pods-BigoAdsAdapter-resources-${CONFIGURATION}-output-files.xcfilelist",
			);
			runOnlyForDeploymentPostprocessing = 0;
			shellPath = /bin/sh;
			shellScript = "\"${PODS_ROOT}/Target Support Files/Pods-BigoAdsAdapter/Pods-BigoAdsAdapter-resources.sh\"\n";
			showEnvVarsInLog = 0;
		};
		AD2990B9D64E09BB0DC94724 /* [CP] Check Pods Manifest.lock */ = {
			isa = PBXShellScriptBuildPhase;
			buildActionMask = 2147483647;
			files = (
			);
			inputFileListPaths = (
			);
			inputPaths = (
				"${PODS_PODFILE_DIR_PATH}/Podfile.lock",
				"${PODS_ROOT}/Manifest.lock",
			);
			name = "[CP] Check Pods Manifest.lock";
			outputFileListPaths = (
			);
			outputPaths = (
				"$(DERIVED_FILE_DIR)/Pods-BigoAdsAdapter-checkManifestLockResult.txt",
			);
			runOnlyForDeploymentPostprocessing = 0;
			shellPath = /bin/sh;
			shellScript = "diff \"${PODS_PODFILE_DIR_PATH}/Podfile.lock\" \"${PODS_ROOT}/Manifest.lock\" > /dev/null\nif [ $? != 0 ] ; then\n    # print error to STDERR\n    echo \"error: The sandbox is not in sync with the Podfile.lock. Run 'pod install' or update your CocoaPods installation.\" >&2\n    exit 1\nfi\n# This output is used by Xcode 'outputs' to avoid re-running this script phase.\necho \"SUCCESS\" > \"${SCRIPT_OUTPUT_FILE_0}\"\n";
			showEnvVarsInLog = 0;
		};
/* End PBXShellScriptBuildPhase section */

/* Begin PBXSourcesBuildPhase section */
		25E0134C2CBD98000049569E /* Sources */ = {
			isa = PBXSourcesBuildPhase;
			buildActionMask = 2147483647;
			files = (
				25E013622CBD98300049569E /* ALBigoAdsMediationAdapter.m in Sources */,
			);
			runOnlyForDeploymentPostprocessing = 0;
		};
/* End PBXSourcesBuildPhase section */

/* Begin XCBuildConfiguration section */
		25E013562CBD98000049569E /* Debug */ = {
			isa = XCBuildConfiguration;
			baseConfigurationReference = E7F667C0A2A7C48D1838A780 /* Pods-BigoAdsAdapter.debug.xcconfig */;
			buildSettings = {
				PRODUCT_BUNDLE_IDENTIFIER = com.applovin.mediation.adapters.BigoAdsAdapter;
			};
			name = Debug;
		};
		25E013572CBD98000049569E /* Release */ = {
			isa = XCBuildConfiguration;
			baseConfigurationReference = C30FD4959ECDE1EDFF4BB4F2 /* Pods-BigoAdsAdapter.release.xcconfig */;
			buildSettings = {
				PRODUCT_BUNDLE_IDENTIFIER = com.applovin.mediation.adapters.BigoAdsAdapter;
			};
			name = Release;
		};
		DE2719902B7BE770007F75F0 /* Debug */ = {
			isa = XCBuildConfiguration;
			buildSettings = {
				BUILD_LIBRARY_FOR_DISTRIBUTION = YES;
				CLANG_ANALYZER_NONNULL = YES;
				CLANG_ANALYZER_NUMBER_OBJECT_CONVERSION = YES_AGGRESSIVE;
				CLANG_CXX_LANGUAGE_STANDARD = "gnu++14";
				CLANG_ENABLE_MODULES = YES;
				CLANG_ENABLE_OBJC_ARC = YES;
				CLANG_ENABLE_OBJC_WEAK = YES;
				CLANG_WARN_BLOCK_CAPTURE_AUTORELEASING = YES;
				CLANG_WARN_BOOL_CONVERSION = YES;
				CLANG_WARN_COMMA = YES;
				CLANG_WARN_CONSTANT_CONVERSION = YES;
				CLANG_WARN_DEPRECATED_OBJC_IMPLEMENTATIONS = YES;
				CLANG_WARN_DIRECT_OBJC_ISA_USAGE = YES_ERROR;
				CLANG_WARN_DOCUMENTATION_COMMENTS = YES;
				CLANG_WARN_EMPTY_BODY = YES;
				CLANG_WARN_ENUM_CONVERSION = YES;
				CLANG_WARN_INFINITE_RECURSION = YES;
				CLANG_WARN_INT_CONVERSION = YES;
				CLANG_WARN_NON_LITERAL_NULL_CONVERSION = YES;
				CLANG_WARN_OBJC_IMPLICIT_RETAIN_SELF = YES;
				CLANG_WARN_OBJC_LITERAL_CONVERSION = YES;
				CLANG_WARN_OBJC_ROOT_CLASS = YES_ERROR;
				CLANG_WARN_QUOTED_INCLUDE_IN_FRAMEWORK_HEADER = YES;
				CLANG_WARN_RANGE_LOOP_ANALYSIS = YES;
				CLANG_WARN_STRICT_PROTOTYPES = YES;
				CLANG_WARN_SUSPICIOUS_MOVE = YES;
				CLANG_WARN_UNGUARDED_AVAILABILITY = YES_AGGRESSIVE;
				CLANG_WARN_UNREACHABLE_CODE = YES;
				CLANG_WARN__DUPLICATE_METHOD_MATCH = YES;
				CODE_SIGN_IDENTITY = "";
				CODE_SIGN_STYLE = Manual;
				COPY_PHASE_STRIP = NO;
				CURRENT_PROJECT_VERSION = 1;
				DEAD_CODE_STRIPPING = NO;
				DEBUG_INFORMATION_FORMAT = dwarf;
				DEFINES_MODULE = YES;
				DEVELOPMENT_TEAM = LUDVB6Z3BS;
				DYLIB_COMPATIBILITY_VERSION = 1;
				DYLIB_CURRENT_VERSION = 1;
				DYLIB_INSTALL_NAME_BASE = "@rpath";
				ENABLE_BITCODE = NO;
				ENABLE_STRICT_OBJC_MSGSEND = YES;
				ENABLE_TESTABILITY = YES;
				FRAMEWORK_SEARCH_PATHS = "$(inherited)";
				GCC_C_LANGUAGE_STANDARD = gnu11;
				GCC_DYNAMIC_NO_PIC = NO;
				GCC_NO_COMMON_BLOCKS = YES;
				GCC_OPTIMIZATION_LEVEL = 0;
				GCC_PREPROCESSOR_DEFINITIONS = (
					"DEBUG=1",
					"$(inherited)",
				);
				GCC_WARN_64_TO_32_BIT_CONVERSION = YES;
				GCC_WARN_ABOUT_RETURN_TYPE = YES_ERROR;
				GCC_WARN_UNDECLARED_SELECTOR = YES;
				GCC_WARN_UNINITIALIZED_AUTOS = YES_AGGRESSIVE;
				GCC_WARN_UNUSED_FUNCTION = YES;
				GCC_WARN_UNUSED_VARIABLE = YES;
				GENERATE_INFOPLIST_FILE = YES;
				HEADER_SEARCH_PATHS = "$(inherited)";
				INFOPLIST_KEY_NSHumanReadableCopyright = "Copyright © 2025 AppLovin. All rights reserved.";
				INSTALL_PATH = "$(LOCAL_LIBRARY_DIR)/Frameworks";
				IPHONEOS_DEPLOYMENT_TARGET = 12.0;
				LIBRARY_SEARCH_PATHS = "$(inherited)";
				LOCALIZATION_PREFERS_STRING_CATALOGS = YES;
				MACH_O_TYPE = staticlib;
				MARKETING_VERSION = 4.9.0.0;
				MODULE_VERIFIER_SUPPORTED_LANGUAGES = "objective-c objective-c++";
				MODULE_VERIFIER_SUPPORTED_LANGUAGE_STANDARDS = "gnu17 gnu++20";
				ONLY_ACTIVE_ARCH = YES;
				PRODUCT_NAME = AppLovinMediationBigoAdsAdapter;
				SDKROOT = iphoneos;
				SKIP_INSTALL = YES;
				SWIFT_EMIT_LOC_STRINGS = YES;
				TARGETED_DEVICE_FAMILY = "1,2";
				VERSIONING_SYSTEM = "apple-generic";
				VERSION_INFO_PREFIX = "";
			};
			name = Debug;
		};
		DE2719912B7BE770007F75F0 /* Release */ = {
			isa = XCBuildConfiguration;
			buildSettings = {
				BUILD_LIBRARY_FOR_DISTRIBUTION = YES;
				CLANG_ANALYZER_NONNULL = YES;
				CLANG_ANALYZER_NUMBER_OBJECT_CONVERSION = YES_AGGRESSIVE;
				CLANG_CXX_LANGUAGE_STANDARD = "gnu++14";
				CLANG_ENABLE_MODULES = YES;
				CLANG_ENABLE_OBJC_ARC = YES;
				CLANG_ENABLE_OBJC_WEAK = YES;
				CLANG_WARN_BLOCK_CAPTURE_AUTORELEASING = YES;
				CLANG_WARN_BOOL_CONVERSION = YES;
				CLANG_WARN_COMMA = YES;
				CLANG_WARN_CONSTANT_CONVERSION = YES;
				CLANG_WARN_DEPRECATED_OBJC_IMPLEMENTATIONS = YES;
				CLANG_WARN_DIRECT_OBJC_ISA_USAGE = YES_ERROR;
				CLANG_WARN_DOCUMENTATION_COMMENTS = YES;
				CLANG_WARN_EMPTY_BODY = YES;
				CLANG_WARN_ENUM_CONVERSION = YES;
				CLANG_WARN_INFINITE_RECURSION = YES;
				CLANG_WARN_INT_CONVERSION = YES;
				CLANG_WARN_NON_LITERAL_NULL_CONVERSION = YES;
				CLANG_WARN_OBJC_IMPLICIT_RETAIN_SELF = YES;
				CLANG_WARN_OBJC_LITERAL_CONVERSION = YES;
				CLANG_WARN_OBJC_ROOT_CLASS = YES_ERROR;
				CLANG_WARN_QUOTED_INCLUDE_IN_FRAMEWORK_HEADER = YES;
				CLANG_WARN_RANGE_LOOP_ANALYSIS = YES;
				CLANG_WARN_STRICT_PROTOTYPES = YES;
				CLANG_WARN_SUSPICIOUS_MOVE = YES;
				CLANG_WARN_UNGUARDED_AVAILABILITY = YES_AGGRESSIVE;
				CLANG_WARN_UNREACHABLE_CODE = YES;
				CLANG_WARN__DUPLICATE_METHOD_MATCH = YES;
				CODE_SIGN_IDENTITY = "";
				CODE_SIGN_STYLE = Manual;
				CURRENT_PROJECT_VERSION = 1;
				DEAD_CODE_STRIPPING = NO;
				DEFINES_MODULE = YES;
				DEVELOPMENT_TEAM = LUDVB6Z3BS;
				DYLIB_COMPATIBILITY_VERSION = 1;
				DYLIB_CURRENT_VERSION = 1;
				DYLIB_INSTALL_NAME_BASE = "@rpath";
				ENABLE_BITCODE = NO;
				ENABLE_MODULE_VERIFIER = YES;
				ENABLE_NS_ASSERTIONS = NO;
				ENABLE_STRICT_OBJC_MSGSEND = YES;
				FRAMEWORK_SEARCH_PATHS = "$(inherited)";
				GCC_C_LANGUAGE_STANDARD = gnu11;
				GCC_NO_COMMON_BLOCKS = YES;
				GCC_WARN_64_TO_32_BIT_CONVERSION = YES;
				GCC_WARN_ABOUT_RETURN_TYPE = YES_ERROR;
				GCC_WARN_UNDECLARED_SELECTOR = YES;
				GCC_WARN_UNINITIALIZED_AUTOS = YES_AGGRESSIVE;
				GCC_WARN_UNUSED_FUNCTION = YES;
				GCC_WARN_UNUSED_VARIABLE = YES;
				GENERATE_INFOPLIST_FILE = YES;
				HEADER_SEARCH_PATHS = "$(inherited)";
				INFOPLIST_KEY_NSHumanReadableCopyright = "Copyright © 2025 AppLovin. All rights reserved.";
				INSTALL_PATH = "$(LOCAL_LIBRARY_DIR)/Frameworks";
				IPHONEOS_DEPLOYMENT_TARGET = 12.0;
				LIBRARY_SEARCH_PATHS = "$(inherited)";
				LOCALIZATION_PREFERS_STRING_CATALOGS = YES;
				MACH_O_TYPE = staticlib;
				MARKETING_VERSION = 4.9.0.0;
				MODULE_VERIFIER_SUPPORTED_LANGUAGES = "objective-c objective-c++";
				MODULE_VERIFIER_SUPPORTED_LANGUAGE_STANDARDS = "gnu17 gnu++20";
				PRODUCT_NAME = AppLovinMediationBigoAdsAdapter;
				SDKROOT = iphoneos;
				SKIP_INSTALL = YES;
				SWIFT_EMIT_LOC_STRINGS = YES;
				TARGETED_DEVICE_FAMILY = "1,2";
				VALIDATE_PRODUCT = YES;
				VERSIONING_SYSTEM = "apple-generic";
				VERSION_INFO_PREFIX = "";
			};
			name = Release;
		};
/* End XCBuildConfiguration section */

/* Begin XCConfigurationList section */
		25E013552CBD98000049569E /* Build configuration list for PBXNativeTarget "BigoAdsAdapter" */ = {
			isa = XCConfigurationList;
			buildConfigurations = (
				25E013562CBD98000049569E /* Debug */,
				25E013572CBD98000049569E /* Release */,
			);
			defaultConfigurationIsVisible = 0;
			defaultConfigurationName = Release;
		};
		DE2719842B7BE770007F75F0 /* Build configuration list for PBXProject "BigoAdsAdapter" */ = {
			isa = XCConfigurationList;
			buildConfigurations = (
				DE2719902B7BE770007F75F0 /* Debug */,
				DE2719912B7BE770007F75F0 /* Release */,
			);
			defaultConfigurationIsVisible = 0;
			defaultConfigurationName = Release;
		};
/* End XCConfigurationList section */
	};
	rootObject = DE2719812B7BE770007F75F0 /* Project object */;
}
