// !$*UTF8*$!
{
	archiveVersion = 1;
	classes = {
	};
	objectVersion = 48;
	objects = {

/* Begin PBXBuildFile section */
		ALBidscubeMediationAdapter_m /* ALBidscubeMediationAdapter.m in Sources */ = {isa = PBXBuildFile; fileRef = ALBidscubeMediationAdapter_m_ref /* ALBidscubeMediationAdapter.m */; };
		AppLovinSDK_framework /* AppLovinSDK.framework in Frameworks */ = {isa = PBXBuildFile; fileRef = AppLovinSDK_framework_ref /* AppLovinSDK.framework */; };
		bidscubeSdk_framework /* bidscubeSdk.framework in Frameworks */ = {isa = PBXBuildFile; fileRef = bidscubeSdk_framework_ref /* bidscubeSdk.framework */; };
/* End PBXBuildFile section */

/* Begin PBXCopyFilesBuildPhase section */
		Copy_Files /* Copy Files */ = {
			isa = PBXCopyFilesBuildPhase;
			buildActionMask = 2147483647;
			dstPath = "include/$(PRODUCT_NAME)";
			dstSubfolderSpec = 16;
			files = (
			);
			name = "Copy Files";
			runOnlyForDeploymentPostprocessing = 0;
		};
/* End PBXCopyFilesBuildPhase section */

/* Begin PBXFileReference section */
		AppLovinSDK_framework_ref /* AppLovinSDK.framework */ = {isa = PBXFileReference; explicitFileType = wrapper.framework; path = AppLovinSDK.framework; sourceTree = BUILT_PRODUCTS_DIR; };
		bidscubeSdk_framework_ref /* bidscubeSdk.framework */ = {isa = PBXFileReference; explicitFileType = wrapper.framework; path = bidscubeSdk.framework; sourceTree = BUILT_PRODUCTS_DIR; };
		ALBidscubeMediationAdapter_h /* ALBidscubeMediationAdapter.h */ = {isa = PBXFileReference; fileEncoding = 4; lastKnownFileType = sourcecode.c.h; path = ALBidscubeMediationAdapter.h; sourceTree = "<group>"; };
		ALBidscubeMediationAdapter_m_ref /* ALBidscubeMediationAdapter.m */ = {isa = PBXFileReference; fileEncoding = 4; lastKnownFileType = sourcecode.c.objc; path = ALBidscubeMediationAdapter.m; sourceTree = "<group>"; };
		libBidscubeAdapter_a /* libBidscubeAdapter.a */ = {isa = PBXFileReference; explicitFileType = archive.ar; includeInIndex = 0; path = libBidscubeAdapter.a; sourceTree = BUILT_PRODUCTS_DIR; };
		AppLovinMediationBidscubeAdapter_podspec /* AppLovinMediationBidscubeAdapter.podspec */ = {isa = PBXFileReference; lastKnownFileType = text; path = AppLovinMediationBidscubeAdapter.podspec; sourceTree = "<group>"; };
		CHANGELOG_md /* CHANGELOG.md */ = {isa = PBXFileReference; lastKnownFileType = net.daringfireball.markdown; path = CHANGELOG.md; sourceTree = "<group>"; };
/* End PBXFileReference section */

/* Begin PBXFrameworksBuildPhase section */
		Frameworks /* Frameworks */ = {
			isa = PBXFrameworksBuildPhase;
			buildActionMask = 2147483647;
			files = (
				AppLovinSDK_framework /* AppLovinSDK.framework in Frameworks */,
				bidscubeSdk_framework /* bidscubeSdk.framework in Frameworks */,
			);
			runOnlyForDeploymentPostprocessing = 0;
		};
/* End PBXFrameworksBuildPhase section */

/* Begin PBXGroup section */
		BidscubeAdapter_group /* BidscubeAdapter */ = {
			isa = PBXGroup;
			children = (
				ALBidscubeMediationAdapter_h /* ALBidscubeMediationAdapter.h */,
				ALBidscubeMediationAdapter_m_ref /* ALBidscubeMediationAdapter.m */,
			);
			path = BidscubeAdapter;
			sourceTree = "<group>";
		};
		Products /* Products */ = {
			isa = PBXGroup;
			children = (
				libBidscubeAdapter_a /* libBidscubeAdapter.a */,
			);
			name = Products;
			sourceTree = "<group>";
		};
		Root /* "" */ = {
			isa = PBXGroup;
			children = (
				BidscubeAdapter_group /* BidscubeAdapter */,
				AppLovinMediationBidscubeAdapter_podspec /* AppLovinMediationBidscubeAdapter.podspec */,
				CHANGELOG_md /* CHANGELOG.md */,
				Products /* Products */,
			);
			sourceTree = "<group>";
		};
/* End PBXGroup section */

/* Begin PBXNativeTarget section */
		BidscubeAdapter_target /* BidscubeAdapter */ = {
			isa = PBXNativeTarget;
			buildConfigurationList = BidscubeAdapter_buildConfigurationList /* Build configuration list for PBXNativeTarget "BidscubeAdapter" */;
			buildPhases = (
				Sources /* Sources */,
				Frameworks /* Frameworks */,
				Copy_Files /* Copy Files */,
			);
			buildRules = (
			);
			dependencies = (
			);
			name = BidscubeAdapter;
			productName = BidscubeAdapter;
			productReference = libBidscubeAdapter_a /* libBidscubeAdapter.a */;
			productType = "com.apple.product-type.library.static";
		};
/* End PBXNativeTarget section */

/* Begin PBXProject section */
		BidscubeAdapter_project /* BidscubeAdapter */ = {
			isa = PBXProject;
			attributes = {
				LastUpgradeCheck = 1200;
				TargetAttributes = {
					BidscubeAdapter_target = {
						CreatedOnToolsVersion = 12.0;
					};
				};
			};
			buildConfigurationList = BidscubeAdapter_project_buildConfigurationList /* Build configuration list for PBXProject "BidscubeAdapter" */;
			compatibilityVersion = "Xcode 9.3";
			developmentRegion = en;
			hasScannedForEncodings = 0;
			knownRegions = (
				en,
			);
			mainGroup = Root /* "" */;
			productRefGroup = Products /* Products */;
			projectDirPath = "";
			projectRoot = "";
			targets = (
				BidscubeAdapter_target /* BidscubeAdapter */,
			);
		};
/* End PBXProject section */

/* Begin PBXSourcesBuildPhase section */
		Sources /* Sources */ = {
			isa = PBXSourcesBuildPhase;
			buildActionMask = 2147483647;
			files = (
				ALBidscubeMediationAdapter_m /* ALBidscubeMediationAdapter.m in Sources */,
			);
			runOnlyForDeploymentPostprocessing = 0;
		};
/* End PBXSourcesBuildPhase section */

/* Begin XCBuildConfiguration section */
		BidscubeAdapter_Debug /* Debug */ = {
			isa = XCBuildConfiguration;
			buildSettings = {
				ALWAYS_SEARCH_USER_PATHS = NO;
				CLANG_ANALYZER_NONNULL = YES;
				CLANG_ANALYZER_NUMBER_OBJECT_CONVERSION = YES_AGGRESSIVE;
				CLANG_CXX_LANGUAGE_STANDARD = "gnu++14";
				CLANG_CXX_LIBRARY = "libc++";
				CLANG_ENABLE_MODULES = YES;
				CLANG_ENABLE_OBJC_ARC = YES;
				CLANG_ENABLE_OBJC_WEAK = YES;
				CLANG_WARN_BLOCK_CAPTURE_AUTORELEASING = YES;
				CLANG_WARN_BOOL_CONVERSION = YES;
				CLANG_WARN_COMMA = YES;
				CLANG_WARN_CONSTANT_CONVERSION = YES;
				CLANG_WARN_DEPRECATED_OBJC_IMPLEMENTATIONS = YES;
				CLANG_WARN_DIRECT_OBJC_ISA_USAGE = YES_ERROR;
				CLANG_WARN_DOCUMENTATION_COMMENTS = YES;
				CLANG_WARN_EMPTY_BODY = YES;
				CLANG_WARN_ENUM_CONVERSION = YES;
				CLANG_WARN_INFINITE_RECURSION = YES;
				CLANG_WARN_INT_CONVERSION = YES;
				CLANG_WARN_NON_LITERAL_NULL_CONVERSION = YES;
				CLANG_WARN_OBJC_IMPLICIT_RETAIN_SELF = YES;
				CLANG_WARN_OBJC_LITERAL_CONVERSION = YES;
				CLANG_WARN_OBJC_ROOT_CLASS = YES_ERROR;
				CLANG_WARN_QUOTED_INCLUDE_IN_FRAMEWORK_HEADER = YES;
				CLANG_WARN_RANGE_LOOP_ANALYSIS = YES;
				CLANG_WARN_STRICT_PROTOTYPES = YES;
				CLANG_WARN_SUSPICIOUS_MOVE = YES;
				CLANG_WARN_UNGUARDED_AVAILABILITY = YES_AGGRESSIVE;
				CLANG_WARN_UNREACHABLE_CODE = YES;
				CLANG_WARN__DUPLICATE_METHOD_MATCH = YES;
				COPY_PHASE_STRIP = NO;
				DEBUG_INFORMATION_FORMAT = dwarf;
				ENABLE_STRICT_OBJC_MSGSEND = YES;
				ENABLE_TESTABILITY = YES;
				GCC_C_LANGUAGE_STANDARD = gnu11;
				GCC_DYNAMIC_NO_PIC = NO;
				GCC_NO_COMMON_BLOCKS = YES;
				GCC_OPTIMIZATION_LEVEL = 0;
				GCC_PREPROCESSOR_DEFINITIONS = (
					"DEBUG=1",
					"$(inherited)",
				);
				GCC_WARN_64_TO_32_BIT_CONVERSION = YES;
				GCC_WARN_ABOUT_RETURN_TYPE = YES_ERROR;
				GCC_WARN_UNDECLARED_SELECTOR = YES;
				GCC_WARN_UNINITIALIZED_AUTOS = YES_AGGRESSIVE;
				GCC_WARN_UNUSED_FUNCTION = YES;
				GCC_WARN_UNUSED_VARIABLE = YES;
				IPHONEOS_DEPLOYMENT_TARGET = 13.0;
				MTL_ENABLE_DEBUG_INFO = INCLUDE_SOURCE;
				MTL_FAST_MATH = YES;
				ONLY_ACTIVE_ARCH = YES;
				SDKROOT = iphoneos;
			};
			name = Debug;
		};
		BidscubeAdapter_Debug_target /* Debug */ = {
			isa = XCBuildConfiguration;
			buildSettings = {
				PRODUCT_NAME = "$(TARGET_NAME)";
			};
			name = Debug;
		};
		BidscubeAdapter_Release /* Release */ = {
			isa = XCBuildConfiguration;
			buildSettings = {
				ALWAYS_SEARCH_USER_PATHS = NO;
				CLANG_ANALYZER_NONNULL = YES;
				CLANG_ANALYZER_NUMBER_OBJECT_CONVERSION = YES_AGGRESSIVE;
				CLANG_CXX_LANGUAGE_STANDARD = "gnu++14";
				CLANG_CXX_LIBRARY = "libc++";
				CLANG_ENABLE_MODULES = YES;
				CLANG_ENABLE_OBJC_ARC = YES;
				CLANG_ENABLE_OBJC_WEAK = YES;
				CLANG_WARN_BLOCK_CAPTURE_AUTORELEASING = YES;
				CLANG_WARN_BOOL_CONVERSION = YES;
				CLANG_WARN_COMMA = YES;
				CLANG_WARN_CONSTANT_CONVERSION = YES;
				CLANG_WARN_DEPRECATED_OBJC_IMPLEMENTATIONS = YES;
				CLANG_WARN_DIRECT_OBJC_ISA_USAGE = YES_ERROR;
				CLANG_WARN_DOCUMENTATION_COMMENTS = YES;
				CLANG_WARN_EMPTY_BODY = YES;
				CLANG_WARN_ENUM_CONVERSION = YES;
				CLANG_WARN_INFINITE_RECURSION = YES;
				CLANG_WARN_INT_CONVERSION = YES;
				CLANG_WARN_NON_LITERAL_NULL_CONVERSION = YES;
				CLANG_WARN_OBJC_IMPLICIT_RETAIN_SELF = YES;
				CLANG_WARN_OBJC_LITERAL_CONVERSION = YES;
				CLANG_WARN_OBJC_ROOT_CLASS = YES_ERROR;
				CLANG_WARN_QUOTED_INCLUDE_IN_FRAMEWORK_HEADER = YES;
				CLANG_WARN_RANGE_LOOP_ANALYSIS = YES;
				CLANG_WARN_STRICT_PROTOTYPES = YES;
				CLANG_WARN_SUSPICIOUS_MOVE = YES;
				CLANG_WARN_UNGUARDED_AVAILABILITY = YES_AGGRESSIVE;
				CLANG_WARN_UNREACHABLE_CODE = YES;
				CLANG_WARN__DUPLICATE_METHOD_MATCH = YES;
				COPY_PHASE_STRIP = NO;
				DEBUG_INFORMATION_FORMAT = "dwarf-with-dsym";
				ENABLE_NS_ASSERTIONS = NO;
				ENABLE_STRICT_OBJC_MSGSEND = YES;
				GCC_C_LANGUAGE_STANDARD = gnu11;
				GCC_NO_COMMON_BLOCKS = YES;
				GCC_WARN_64_TO_32_BIT_CONVERSION = YES;
				GCC_WARN_ABOUT_RETURN_TYPE = YES_ERROR;
				GCC_WARN_UNDECLARED_SELECTOR = YES;
				GCC_WARN_UNINITIALIZED_AUTOS = YES_AGGRESSIVE;
				GCC_WARN_UNUSED_FUNCTION = YES;
				GCC_WARN_UNUSED_VARIABLE = YES;
				IPHONEOS_DEPLOYMENT_TARGET = 13.0;
				MTL_ENABLE_DEBUG_INFO = NO;
				MTL_FAST_MATH = YES;
				SDKROOT = iphoneos;
				VALIDATE_PRODUCT = YES;
			};
			name = Release;
		};
		BidscubeAdapter_Release_target /* Release */ = {
			isa = XCBuildConfiguration;
			buildSettings = {
				PRODUCT_NAME = "$(TARGET_NAME)";
			};
			name = Release;
		};
/* End XCBuildConfiguration section */

/* Begin XCConfigurationList section */
		BidscubeAdapter_buildConfigurationList /* Build configuration list for PBXNativeTarget "BidscubeAdapter" */ = {
			isa = XCConfigurationList;
			buildConfigurations = (
				BidscubeAdapter_Debug_target /* Debug */,
				BidscubeAdapter_Release_target /* Release */,
			);
			defaultConfigurationIsVisible = 0;
			defaultConfigurationName = Release;
		};
		BidscubeAdapter_project_buildConfigurationList /* Build configuration list for PBXProject "BidscubeAdapter" */ = {
			isa = XCConfigurationList;
			buildConfigurations = (
				BidscubeAdapter_Debug /* Debug */,
				BidscubeAdapter_Release /* Release */,
			);
			defaultConfigurationIsVisible = 0;
			defaultConfigurationName = Release;
		};
/* End XCConfigurationList section */
	};
	rootObject = BidscubeAdapter_project /* BidscubeAdapter */;
}

