// !$*UTF8*$!
{
	archiveVersion = 1;
	classes = {
	};
	objectVersion = 60;
	objects = {

/* Begin PBXBuildFile section */
		252257042E1EE93B0094E383 /* ALGoogleAdManagerMediationAdapter.m in Sources */ = {isa = PBXBuildFile; fileRef = 25DF1E042CBD9ECC00D90D83 /* ALGoogleAdManagerMediationAdapter.m */; };
		252257052E1EE9490094E383 /* ALGoogleAdManagerMediationAdapter.h in Headers */ = {isa = PBXBuildFile; fileRef = 25DF1E032CBD9ECC00D90D83 /* ALGoogleAdManagerMediationAdapter.h */; settings = {ATTRIBUTES = (Public, ); }; };
		2522570F2E1EF46E0094E383 /* AppLovinSDK.framework in Frameworks */ = {isa = PBXBuildFile; fileRef = 2522570E2E1EF46E0094E383 /* AppLovinSDK.framework */; };
		25FCB2D12E26DF1F0025F901 /* AppLovinMediationGoogleAdManagerAdapter.h in Headers */ = {isa = PBXBuildFile; fileRef = 25FCB2D02E26DF1F0025F901 /* AppLovinMediationGoogleAdManagerAdapter.h */; settings = {ATTRIBUTES = (Public, ); }; };
		F7DBD8BF976D3A10DC0C1B3C /* Pods_GoogleAdManagerAdapter.framework in Frameworks */ = {isa = PBXBuildFile; fileRef = 123394001E231439F0A94F4A /* Pods_GoogleAdManagerAdapter.framework */; };
/* End PBXBuildFile section */

/* Begin PBXFileReference section */
		123394001E231439F0A94F4A /* Pods_GoogleAdManagerAdapter.framework */ = {isa = PBXFileReference; explicitFileType = wrapper.framework; includeInIndex = 0; path = Pods_GoogleAdManagerAdapter.framework; sourceTree = BUILT_PRODUCTS_DIR; };
		2522570E2E1EF46E0094E383 /* AppLovinSDK.framework */ = {isa = PBXFileReference; explicitFileType = wrapper.framework; path = AppLovinSDK.framework; sourceTree = BUILT_PRODUCTS_DIR; };
		25C7D2F12BAC7A1300955AA1 /* PrivacyInfo.xcprivacy */ = {isa = PBXFileReference; lastKnownFileType = text.xml; path = PrivacyInfo.xcprivacy; sourceTree = "<group>"; };
		25DF1DF72CBD9EB700D90D83 /* AppLovinMediationGoogleAdManagerAdapter.framework */ = {isa = PBXFileReference; explicitFileType = wrapper.framework; includeInIndex = 0; path = AppLovinMediationGoogleAdManagerAdapter.framework; sourceTree = BUILT_PRODUCTS_DIR; };
		25DF1E032CBD9ECC00D90D83 /* ALGoogleAdManagerMediationAdapter.h */ = {isa = PBXFileReference; lastKnownFileType = sourcecode.c.h; path = ALGoogleAdManagerMediationAdapter.h; sourceTree = "<group>"; };
		25DF1E042CBD9ECC00D90D83 /* ALGoogleAdManagerMediationAdapter.m */ = {isa = PBXFileReference; lastKnownFileType = sourcecode.c.objc; path = ALGoogleAdManagerMediationAdapter.m; sourceTree = "<group>"; };
		25FCB2D02E26DF1F0025F901 /* AppLovinMediationGoogleAdManagerAdapter.h */ = {isa = PBXFileReference; lastKnownFileType = sourcecode.c.h; path = AppLovinMediationGoogleAdManagerAdapter.h; sourceTree = "<group>"; };
		66B3BE45F8950E4AA10A2D47 /* Pods-GoogleAdManagerAdapter.release.xcconfig */ = {isa = PBXFileReference; includeInIndex = 1; lastKnownFileType = text.xcconfig; name = "Pods-GoogleAdManagerAdapter.release.xcconfig"; path = "Target Support Files/Pods-GoogleAdManagerAdapter/Pods-GoogleAdManagerAdapter.release.xcconfig"; sourceTree = "<group>"; };
		6A5A632E21C0872C00B755D7 /* CHANGELOG.md */ = {isa = PBXFileReference; lastKnownFileType = net.daringfireball.markdown; path = CHANGELOG.md; sourceTree = SOURCE_ROOT; };
		6A5A632F21C0872D00B755D7 /* AppLovinMediationGoogleAdManagerAdapter.podspec */ = {isa = PBXFileReference; lastKnownFileType = text; path = AppLovinMediationGoogleAdManagerAdapter.podspec; sourceTree = SOURCE_ROOT; };
		CADE25E828706EA42DEEB956 /* Pods-GoogleAdManagerAdapter.debug.xcconfig */ = {isa = PBXFileReference; includeInIndex = 1; lastKnownFileType = text.xcconfig; name = "Pods-GoogleAdManagerAdapter.debug.xcconfig"; path = "Target Support Files/Pods-GoogleAdManagerAdapter/Pods-GoogleAdManagerAdapter.debug.xcconfig"; sourceTree = "<group>"; };
/* End PBXFileReference section */

/* Begin PBXFrameworksBuildPhase section */
		1D4FE70D6B817C4560211F74 /* Frameworks */ = {
			isa = PBXFrameworksBuildPhase;
			buildActionMask = 2147483647;
			files = (
				2522570F2E1EF46E0094E383 /* AppLovinSDK.framework in Frameworks */,
				F7DBD8BF976D3A10DC0C1B3C /* Pods_GoogleAdManagerAdapter.framework in Frameworks */,
			);
			runOnlyForDeploymentPostprocessing = 0;
		};
/* End PBXFrameworksBuildPhase section */

/* Begin PBXGroup section */
		1D2303A61FBCF4C7001939D7 /* Frameworks */ = {
			isa = PBXGroup;
			children = (
				2522570E2E1EF46E0094E383 /* AppLovinSDK.framework */,
				123394001E231439F0A94F4A /* Pods_GoogleAdManagerAdapter.framework */,
			);
			name = Frameworks;
			sourceTree = "<group>";
		};
		1D97FB7C1FBCF38B00D6C309 = {
			isa = PBXGroup;
			children = (
				25DF1E062CBD9ECC00D90D83 /* GoogleAdManagerAdapter */,
				6A12947F21C086760052F283 /* Supporting Files */,
				1D97FB861FBCF38B00D6C309 /* Products */,
				1D2303A61FBCF4C7001939D7 /* Frameworks */,
				C985AF186F99FC874AEC3DF8 /* Pods */,
			);
			sourceTree = "<group>";
		};
		1D97FB861FBCF38B00D6C309 /* Products */ = {
			isa = PBXGroup;
			children = (
				25DF1DF72CBD9EB700D90D83 /* AppLovinMediationGoogleAdManagerAdapter.framework */,
			);
			name = Products;
			sourceTree = "<group>";
		};
		25DF1E062CBD9ECC00D90D83 /* GoogleAdManagerAdapter */ = {
			isa = PBXGroup;
			children = (
				25FCB2D02E26DF1F0025F901 /* AppLovinMediationGoogleAdManagerAdapter.h */,
				25DF1E032CBD9ECC00D90D83 /* ALGoogleAdManagerMediationAdapter.h */,
				25DF1E042CBD9ECC00D90D83 /* ALGoogleAdManagerMediationAdapter.m */,
			);
			path = GoogleAdManagerAdapter;
			sourceTree = "<group>";
		};
		6A12947F21C086760052F283 /* Supporting Files */ = {
			isa = PBXGroup;
			children = (
				6A5A632F21C0872D00B755D7 /* AppLovinMediationGoogleAdManagerAdapter.podspec */,
				6A5A632E21C0872C00B755D7 /* CHANGELOG.md */,
				25C7D2F12BAC7A1300955AA1 /* PrivacyInfo.xcprivacy */,
			);
			name = "Supporting Files";
			sourceTree = "<group>";
		};
		C985AF186F99FC874AEC3DF8 /* Pods */ = {
			isa = PBXGroup;
			children = (
				CADE25E828706EA42DEEB956 /* Pods-GoogleAdManagerAdapter.debug.xcconfig */,
				66B3BE45F8950E4AA10A2D47 /* Pods-GoogleAdManagerAdapter.release.xcconfig */,
			);
			name = Pods;
			path = "../../iOS-Workspace/Pods";
			sourceTree = "<group>";
		};
/* End PBXGroup section */

/* Begin PBXHeadersBuildPhase section */
		252257032E1EE9370094E383 /* Headers */ = {
			isa = PBXHeadersBuildPhase;
			buildActionMask = 2147483647;
			files = (
				25FCB2D12E26DF1F0025F901 /* AppLovinMediationGoogleAdManagerAdapter.h in Headers */,
				252257052E1EE9490094E383 /* ALGoogleAdManagerMediationAdapter.h in Headers */,
			);
			runOnlyForDeploymentPostprocessing = 0;
		};
/* End PBXHeadersBuildPhase section */

/* Begin PBXNativeTarget section */
		25DF1DF62CBD9EB700D90D83 /* GoogleAdManagerAdapter */ = {
			isa = PBXNativeTarget;
			buildConfigurationList = 25DF1DFC2CBD9EB700D90D83 /* Build configuration list for PBXNativeTarget "GoogleAdManagerAdapter" */;
			buildPhases = (
				6F7F6A06CB8AE1B28F685908 /* [CP] Check Pods Manifest.lock */,
				252257032E1EE9370094E383 /* Headers */,
				252257022E1EE9350094E383 /* Sources */,
				1D4FE70D6B817C4560211F74 /* Frameworks */,
				410854C235D73359EC330BEC /* [CP] Copy Pods Resources */,
			);
			buildRules = (
			);
			dependencies = (
			);
			name = GoogleAdManagerAdapter;
			productName = AppLovinMediationGoogleAdManagerAdapter;
			productReference = 25DF1DF72CBD9EB700D90D83 /* AppLovinMediationGoogleAdManagerAdapter.framework */;
			productType = "com.apple.product-type.framework";
		};
/* End PBXNativeTarget section */

/* Begin PBXProject section */
		1D97FB7D1FBCF38B00D6C309 /* Project object */ = {
			isa = PBXProject;
			attributes = {
				LastUpgradeCheck = 1640;
				ORGANIZATIONNAME = AppLovin;
				TargetAttributes = {
					25DF1DF62CBD9EB700D90D83 = {
						CreatedOnToolsVersion = 16.0;
						ProvisioningStyle = Automatic;
					};
				};
			};
			buildConfigurationList = 1D97FB801FBCF38B00D6C309 /* Build configuration list for PBXProject "GoogleAdManagerAdapter" */;
			compatibilityVersion = "Xcode 15.0";
			developmentRegion = en;
			hasScannedForEncodings = 0;
			knownRegions = (
				en,
				Base,
			);
			mainGroup = 1D97FB7C1FBCF38B00D6C309;
			productRefGroup = 1D97FB861FBCF38B00D6C309 /* Products */;
			projectDirPath = "";
			projectRoot = "";
			targets = (
				25DF1DF62CBD9EB700D90D83 /* GoogleAdManagerAdapter */,
			);
		};
/* End PBXProject section */

/* Begin PBXShellScriptBuildPhase section */
		410854C235D73359EC330BEC /* [CP] Copy Pods Resources */ = {
			isa = PBXShellScriptBuildPhase;
			buildActionMask = 2147483647;
			files = (
			);
			inputFileListPaths = (
				"${PODS_ROOT}/Target Support Files/Pods-GoogleAdManagerAdapter/Pods-GoogleAdManagerAdapter-resources-${CONFIGURATION}-input-files.xcfilelist",
			);
			name = "[CP] Copy Pods Resources";
			outputFileListPaths = (
				"${PODS_ROOT}/Target Support Files/Pods-GoogleAdManagerAdapter/Pods-GoogleAdManagerAdapter-resources-${CONFIGURATION}-output-files.xcfilelist",
			);
			runOnlyForDeploymentPostprocessing = 0;
			shellPath = /bin/sh;
			shellScript = "\"${PODS_ROOT}/Target Support Files/Pods-GoogleAdManagerAdapter/Pods-GoogleAdManagerAdapter-resources.sh\"\n";
			showEnvVarsInLog = 0;
		};
		6F7F6A06CB8AE1B28F685908 /* [CP] Check Pods Manifest.lock */ = {
			isa = PBXShellScriptBuildPhase;
			buildActionMask = 2147483647;
			files = (
			);
			inputFileListPaths = (
			);
			inputPaths = (
				"${PODS_PODFILE_DIR_PATH}/Podfile.lock",
				"${PODS_ROOT}/Manifest.lock",
			);
			name = "[CP] Check Pods Manifest.lock";
			outputFileListPaths = (
			);
			outputPaths = (
				"$(DERIVED_FILE_DIR)/Pods-GoogleAdManagerAdapter-checkManifestLockResult.txt",
			);
			runOnlyForDeploymentPostprocessing = 0;
			shellPath = /bin/sh;
			shellScript = "diff \"${PODS_PODFILE_DIR_PATH}/Podfile.lock\" \"${PODS_ROOT}/Manifest.lock\" > /dev/null\nif [ $? != 0 ] ; then\n    # print error to STDERR\n    echo \"error: The sandbox is not in sync with the Podfile.lock. Run 'pod install' or update your CocoaPods installation.\" >&2\n    exit 1\nfi\n# This output is used by Xcode 'outputs' to avoid re-running this script phase.\necho \"SUCCESS\" > \"${SCRIPT_OUTPUT_FILE_0}\"\n";
			showEnvVarsInLog = 0;
		};
/* End PBXShellScriptBuildPhase section */

/* Begin PBXSourcesBuildPhase section */
		252257022E1EE9350094E383 /* Sources */ = {
			isa = PBXSourcesBuildPhase;
			buildActionMask = 2147483647;
			files = (
				252257042E1EE93B0094E383 /* ALGoogleAdManagerMediationAdapter.m in Sources */,
			);
			runOnlyForDeploymentPostprocessing = 0;
		};
/* End PBXSourcesBuildPhase section */

/* Begin XCBuildConfiguration section */
		1D97FB8C1FBCF38B00D6C309 /* Debug */ = {
			isa = XCBuildConfiguration;
			buildSettings = {
				BUILD_LIBRARY_FOR_DISTRIBUTION = YES;
				CLANG_ANALYZER_NONNULL = YES;
				CLANG_ANALYZER_NUMBER_OBJECT_CONVERSION = YES_AGGRESSIVE;
				CLANG_CXX_LANGUAGE_STANDARD = "gnu++14";
				CLANG_ENABLE_MODULES = YES;
				CLANG_ENABLE_OBJC_ARC = YES;
				CLANG_ENABLE_OBJC_WEAK = YES;
				CLANG_WARN_BLOCK_CAPTURE_AUTORELEASING = YES;
				CLANG_WARN_BOOL_CONVERSION = YES;
				CLANG_WARN_COMMA = YES;
				CLANG_WARN_CONSTANT_CONVERSION = YES;
				CLANG_WARN_DEPRECATED_OBJC_IMPLEMENTATIONS = YES;
				CLANG_WARN_DIRECT_OBJC_ISA_USAGE = YES_ERROR;
				CLANG_WARN_DOCUMENTATION_COMMENTS = YES;
				CLANG_WARN_EMPTY_BODY = YES;
				CLANG_WARN_ENUM_CONVERSION = YES;
				CLANG_WARN_INFINITE_RECURSION = YES;
				CLANG_WARN_INT_CONVERSION = YES;
				CLANG_WARN_NON_LITERAL_NULL_CONVERSION = YES;
				CLANG_WARN_OBJC_IMPLICIT_RETAIN_SELF = YES;
				CLANG_WARN_OBJC_LITERAL_CONVERSION = YES;
				CLANG_WARN_OBJC_ROOT_CLASS = YES_ERROR;
				CLANG_WARN_QUOTED_INCLUDE_IN_FRAMEWORK_HEADER = YES;
				CLANG_WARN_RANGE_LOOP_ANALYSIS = YES;
				CLANG_WARN_STRICT_PROTOTYPES = YES;
				CLANG_WARN_SUSPICIOUS_MOVE = YES;
				CLANG_WARN_UNGUARDED_AVAILABILITY = YES_AGGRESSIVE;
				CLANG_WARN_UNREACHABLE_CODE = YES;
				CLANG_WARN__DUPLICATE_METHOD_MATCH = YES;
				CODE_SIGN_IDENTITY = "";
				CODE_SIGN_STYLE = Manual;
				COPY_PHASE_STRIP = NO;
				CURRENT_PROJECT_VERSION = 1;
				DEAD_CODE_STRIPPING = NO;
				DEBUG_INFORMATION_FORMAT = dwarf;
				DEFINES_MODULE = YES;
				DEVELOPMENT_TEAM = LUDVB6Z3BS;
				DYLIB_COMPATIBILITY_VERSION = 1;
				DYLIB_CURRENT_VERSION = 1;
				DYLIB_INSTALL_NAME_BASE = "@rpath";
				ENABLE_BITCODE = NO;
				ENABLE_STRICT_OBJC_MSGSEND = YES;
				ENABLE_TESTABILITY = YES;
				FRAMEWORK_SEARCH_PATHS = "$(inherited)";
				GCC_C_LANGUAGE_STANDARD = gnu11;
				GCC_DYNAMIC_NO_PIC = NO;
				GCC_NO_COMMON_BLOCKS = YES;
				GCC_OPTIMIZATION_LEVEL = 0;
				GCC_PREPROCESSOR_DEFINITIONS = (
					"DEBUG=1",
					"$(inherited)",
				);
				GCC_WARN_64_TO_32_BIT_CONVERSION = YES;
				GCC_WARN_ABOUT_RETURN_TYPE = YES_ERROR;
				GCC_WARN_UNDECLARED_SELECTOR = YES;
				GCC_WARN_UNINITIALIZED_AUTOS = YES_AGGRESSIVE;
				GCC_WARN_UNUSED_FUNCTION = YES;
				GCC_WARN_UNUSED_VARIABLE = YES;
				GENERATE_INFOPLIST_FILE = YES;
				HEADER_SEARCH_PATHS = "$(inherited)";
				INFOPLIST_KEY_NSHumanReadableCopyright = "Copyright © 2025 AppLovin. All rights reserved.";
				INSTALL_PATH = "$(LOCAL_LIBRARY_DIR)/Frameworks";
				IPHONEOS_DEPLOYMENT_TARGET = 12.0;
				LIBRARY_SEARCH_PATHS = "$(inherited)";
				LOCALIZATION_PREFERS_STRING_CATALOGS = YES;
				MACH_O_TYPE = staticlib;
				MARKETING_VERSION = 12.8.0.0;
				MODULE_VERIFIER_SUPPORTED_LANGUAGES = "objective-c objective-c++";
				MODULE_VERIFIER_SUPPORTED_LANGUAGE_STANDARDS = "gnu17 gnu++20";
				ONLY_ACTIVE_ARCH = YES;
				PRODUCT_NAME = AppLovinMediationGoogleAdManagerAdapter;
				SDKROOT = iphoneos;
				SKIP_INSTALL = YES;
				SWIFT_EMIT_LOC_STRINGS = YES;
				TARGETED_DEVICE_FAMILY = "1,2";
				VERSIONING_SYSTEM = "apple-generic";
				VERSION_INFO_PREFIX = "";
			};
			name = Debug;
		};
		1D97FB8D1FBCF38B00D6C309 /* Release */ = {
			isa = XCBuildConfiguration;
			buildSettings = {
				BUILD_LIBRARY_FOR_DISTRIBUTION = YES;
				CLANG_ANALYZER_NONNULL = YES;
				CLANG_ANALYZER_NUMBER_OBJECT_CONVERSION = YES_AGGRESSIVE;
				CLANG_CXX_LANGUAGE_STANDARD = "gnu++14";
				CLANG_ENABLE_MODULES = YES;
				CLANG_ENABLE_OBJC_ARC = YES;
				CLANG_ENABLE_OBJC_WEAK = YES;
				CLANG_WARN_BLOCK_CAPTURE_AUTORELEASING = YES;
				CLANG_WARN_BOOL_CONVERSION = YES;
				CLANG_WARN_COMMA = YES;
				CLANG_WARN_CONSTANT_CONVERSION = YES;
				CLANG_WARN_DEPRECATED_OBJC_IMPLEMENTATIONS = YES;
				CLANG_WARN_DIRECT_OBJC_ISA_USAGE = YES_ERROR;
				CLANG_WARN_DOCUMENTATION_COMMENTS = YES;
				CLANG_WARN_EMPTY_BODY = YES;
				CLANG_WARN_ENUM_CONVERSION = YES;
				CLANG_WARN_INFINITE_RECURSION = YES;
				CLANG_WARN_INT_CONVERSION = YES;
				CLANG_WARN_NON_LITERAL_NULL_CONVERSION = YES;
				CLANG_WARN_OBJC_IMPLICIT_RETAIN_SELF = YES;
				CLANG_WARN_OBJC_LITERAL_CONVERSION = YES;
				CLANG_WARN_OBJC_ROOT_CLASS = YES_ERROR;
				CLANG_WARN_QUOTED_INCLUDE_IN_FRAMEWORK_HEADER = YES;
				CLANG_WARN_RANGE_LOOP_ANALYSIS = YES;
				CLANG_WARN_STRICT_PROTOTYPES = YES;
				CLANG_WARN_SUSPICIOUS_MOVE = YES;
				CLANG_WARN_UNGUARDED_AVAILABILITY = YES_AGGRESSIVE;
				CLANG_WARN_UNREACHABLE_CODE = YES;
				CLANG_WARN__DUPLICATE_METHOD_MATCH = YES;
				CODE_SIGN_IDENTITY = "";
				CODE_SIGN_STYLE = Manual;
				CURRENT_PROJECT_VERSION = 1;
				DEAD_CODE_STRIPPING = NO;
				DEFINES_MODULE = YES;
				DEVELOPMENT_TEAM = LUDVB6Z3BS;
				DYLIB_COMPATIBILITY_VERSION = 1;
				DYLIB_CURRENT_VERSION = 1;
				DYLIB_INSTALL_NAME_BASE = "@rpath";
				ENABLE_BITCODE = NO;
				ENABLE_MODULE_VERIFIER = YES;
				ENABLE_NS_ASSERTIONS = NO;
				ENABLE_STRICT_OBJC_MSGSEND = YES;
				FRAMEWORK_SEARCH_PATHS = "$(inherited)";
				GCC_C_LANGUAGE_STANDARD = gnu11;
				GCC_NO_COMMON_BLOCKS = YES;
				GCC_WARN_64_TO_32_BIT_CONVERSION = YES;
				GCC_WARN_ABOUT_RETURN_TYPE = YES_ERROR;
				GCC_WARN_UNDECLARED_SELECTOR = YES;
				GCC_WARN_UNINITIALIZED_AUTOS = YES_AGGRESSIVE;
				GCC_WARN_UNUSED_FUNCTION = YES;
				GCC_WARN_UNUSED_VARIABLE = YES;
				GENERATE_INFOPLIST_FILE = YES;
				HEADER_SEARCH_PATHS = "$(inherited)";
				INFOPLIST_KEY_NSHumanReadableCopyright = "Copyright © 2025 AppLovin. All rights reserved.";
				INSTALL_PATH = "$(LOCAL_LIBRARY_DIR)/Frameworks";
				IPHONEOS_DEPLOYMENT_TARGET = 12.0;
				LIBRARY_SEARCH_PATHS = "$(inherited)";
				LOCALIZATION_PREFERS_STRING_CATALOGS = YES;
				MACH_O_TYPE = staticlib;
				MARKETING_VERSION = 12.8.0.0;
				MODULE_VERIFIER_SUPPORTED_LANGUAGES = "objective-c objective-c++";
				MODULE_VERIFIER_SUPPORTED_LANGUAGE_STANDARDS = "gnu17 gnu++20";
				PRODUCT_NAME = AppLovinMediationGoogleAdManagerAdapter;
				SDKROOT = iphoneos;
				SKIP_INSTALL = YES;
				SWIFT_EMIT_LOC_STRINGS = YES;
				TARGETED_DEVICE_FAMILY = "1,2";
				VALIDATE_PRODUCT = YES;
				VERSIONING_SYSTEM = "apple-generic";
				VERSION_INFO_PREFIX = "";
			};
			name = Release;
		};
		25DF1DFD2CBD9EB700D90D83 /* Debug */ = {
			isa = XCBuildConfiguration;
			baseConfigurationReference = CADE25E828706EA42DEEB956 /* Pods-GoogleAdManagerAdapter.debug.xcconfig */;
			buildSettings = {
				PRODUCT_BUNDLE_IDENTIFIER = com.applovin.mediation.adapters.GoogleAdManagerAdapter;
			};
			name = Debug;
		};
		25DF1DFE2CBD9EB700D90D83 /* Release */ = {
			isa = XCBuildConfiguration;
			baseConfigurationReference = 66B3BE45F8950E4AA10A2D47 /* Pods-GoogleAdManagerAdapter.release.xcconfig */;
			buildSettings = {
				PRODUCT_BUNDLE_IDENTIFIER = com.applovin.mediation.adapters.GoogleAdManagerAdapter;
			};
			name = Release;
		};
/* End XCBuildConfiguration section */

/* Begin XCConfigurationList section */
		1D97FB801FBCF38B00D6C309 /* Build configuration list for PBXProject "GoogleAdManagerAdapter" */ = {
			isa = XCConfigurationList;
			buildConfigurations = (
				1D97FB8C1FBCF38B00D6C309 /* Debug */,
				1D97FB8D1FBCF38B00D6C309 /* Release */,
			);
			defaultConfigurationIsVisible = 0;
			defaultConfigurationName = Release;
		};
		25DF1DFC2CBD9EB700D90D83 /* Build configuration list for PBXNativeTarget "GoogleAdManagerAdapter" */ = {
			isa = XCConfigurationList;
			buildConfigurations = (
				25DF1DFD2CBD9EB700D90D83 /* Debug */,
				25DF1DFE2CBD9EB700D90D83 /* Release */,
			);
			defaultConfigurationIsVisible = 0;
			defaultConfigurationName = Release;
		};
/* End XCConfigurationList section */
	};
	rootObject = 1D97FB7D1FBCF38B00D6C309 /* Project object */;
}
