// !$*UTF8*$!
{
	archiveVersion = 1;
	classes = {
	};
	objectVersion = 50;
	objects = {

/* Begin PBXBuildFile section */
		1D993001231FA25B00C472F8 /* ALAppDelegate.swift in Sources */ = {isa = PBXBuildFile; fileRef = 1D993000231FA25B00C472F8 /* ALAppDelegate.swift */; };
		1D993003231FA25B00C472F8 /* ViewController.swift in Sources */ = {isa = PBXBuildFile; fileRef = 1D993002231FA25B00C472F8 /* ViewController.swift */; };
		1D993006231FA25B00C472F8 /* Main.storyboard in Resources */ = {isa = PBXBuildFile; fileRef = 1D993004231FA25B00C472F8 /* Main.storyboard */; };
		1D993008231FA25B00C472F8 /* Assets.xcassets in Resources */ = {isa = PBXBuildFile; fileRef = 1D993007231FA25B00C472F8 /* Assets.xcassets */; };
		1D99300B231FA25B00C472F8 /* LaunchScreen.storyboard in Resources */ = {isa = PBXBuildFile; fileRef = 1D993009231FA25B00C472F8 /* LaunchScreen.storyboard */; };
		5D7A30AB443A59BC5B350920 /* Pods_DemoApp_Swift.framework in Frameworks */ = {isa = PBXBuildFile; fileRef = D6BDC43D47AB62E7989653EB /* Pods_DemoApp_Swift.framework */; };
/* End PBXBuildFile section */

/* Begin PBXFileReference section */
		1D992FFD231FA25B00C472F8 /* DemoApp-Swift.app */ = {isa = PBXFileReference; explicitFileType = wrapper.application; includeInIndex = 0; path = "DemoApp-Swift.app"; sourceTree = BUILT_PRODUCTS_DIR; };
		1D993000231FA25B00C472F8 /* ALAppDelegate.swift */ = {isa = PBXFileReference; lastKnownFileType = sourcecode.swift; path = ALAppDelegate.swift; sourceTree = "<group>"; };
		1D993002231FA25B00C472F8 /* ViewController.swift */ = {isa = PBXFileReference; lastKnownFileType = sourcecode.swift; path = ViewController.swift; sourceTree = "<group>"; };
		1D993005231FA25B00C472F8 /* Base */ = {isa = PBXFileReference; lastKnownFileType = file.storyboard; name = Base; path = Base.lproj/Main.storyboard; sourceTree = "<group>"; };
		1D993007231FA25B00C472F8 /* Assets.xcassets */ = {isa = PBXFileReference; lastKnownFileType = folder.assetcatalog; path = Assets.xcassets; sourceTree = "<group>"; };
		1D99300A231FA25B00C472F8 /* Base */ = {isa = PBXFileReference; lastKnownFileType = file.storyboard; name = Base; path = Base.lproj/LaunchScreen.storyboard; sourceTree = "<group>"; };
		1D99300C231FA25B00C472F8 /* Info.plist */ = {isa = PBXFileReference; lastKnownFileType = text.plist.xml; path = Info.plist; sourceTree = "<group>"; };
		D6BDC43D47AB62E7989653EB /* Pods_DemoApp_Swift.framework */ = {isa = PBXFileReference; explicitFileType = wrapper.framework; includeInIndex = 0; path = Pods_DemoApp_Swift.framework; sourceTree = BUILT_PRODUCTS_DIR; };
		EBF5C828DE3CA6B3D79641A6 /* Pods-DemoApp-Swift.debug.xcconfig */ = {isa = PBXFileReference; includeInIndex = 1; lastKnownFileType = text.xcconfig; name = "Pods-DemoApp-Swift.debug.xcconfig"; path = "Target Support Files/Pods-DemoApp-Swift/Pods-DemoApp-Swift.debug.xcconfig"; sourceTree = "<group>"; };
		F715F7A80F0E82D900D907FC /* Pods-DemoApp-Swift.release.xcconfig */ = {isa = PBXFileReference; includeInIndex = 1; lastKnownFileType = text.xcconfig; name = "Pods-DemoApp-Swift.release.xcconfig"; path = "Target Support Files/Pods-DemoApp-Swift/Pods-DemoApp-Swift.release.xcconfig"; sourceTree = "<group>"; };
/* End PBXFileReference section */

/* Begin PBXFrameworksBuildPhase section */
		1D992FFA231FA25B00C472F8 /* Frameworks */ = {
			isa = PBXFrameworksBuildPhase;
			buildActionMask = 2147483647;
			files = (
				5D7A30AB443A59BC5B350920 /* Pods_DemoApp_Swift.framework in Frameworks */,
			);
			runOnlyForDeploymentPostprocessing = 0;
		};
/* End PBXFrameworksBuildPhase section */

/* Begin PBXGroup section */
		1D992FF4231FA25B00C472F8 = {
			isa = PBXGroup;
			children = (
				1D992FFF231FA25B00C472F8 /* DemoApp-Swift */,
				1D992FFE231FA25B00C472F8 /* Products */,
				2E1DE761D57276617DA8C458 /* Pods */,
				1F1F4D0C37E2214BAFF719CE /* Frameworks */,
			);
			sourceTree = "<group>";
		};
		1D992FFE231FA25B00C472F8 /* Products */ = {
			isa = PBXGroup;
			children = (
				1D992FFD231FA25B00C472F8 /* DemoApp-Swift.app */,
			);
			name = Products;
			sourceTree = "<group>";
		};
		1D992FFF231FA25B00C472F8 /* DemoApp-Swift */ = {
			isa = PBXGroup;
			children = (
				1D993000231FA25B00C472F8 /* ALAppDelegate.swift */,
				1D993002231FA25B00C472F8 /* ViewController.swift */,
				1D993004231FA25B00C472F8 /* Main.storyboard */,
				1D993007231FA25B00C472F8 /* Assets.xcassets */,
				1D993009231FA25B00C472F8 /* LaunchScreen.storyboard */,
				1D99300C231FA25B00C472F8 /* Info.plist */,
			);
			path = "DemoApp-Swift";
			sourceTree = "<group>";
		};
		1F1F4D0C37E2214BAFF719CE /* Frameworks */ = {
			isa = PBXGroup;
			children = (
				D6BDC43D47AB62E7989653EB /* Pods_DemoApp_Swift.framework */,
			);
			name = Frameworks;
			sourceTree = "<group>";
		};
		2E1DE761D57276617DA8C458 /* Pods */ = {
			isa = PBXGroup;
			children = (
				EBF5C828DE3CA6B3D79641A6 /* Pods-DemoApp-Swift.debug.xcconfig */,
				F715F7A80F0E82D900D907FC /* Pods-DemoApp-Swift.release.xcconfig */,
			);
			name = Pods;
			path = Pods;
			sourceTree = "<group>";
		};
/* End PBXGroup section */

/* Begin PBXNativeTarget section */
		1D992FFC231FA25B00C472F8 /* DemoApp-Swift */ = {
			isa = PBXNativeTarget;
			buildConfigurationList = 1D99300F231FA25B00C472F8 /* Build configuration list for PBXNativeTarget "DemoApp-Swift" */;
			buildPhases = (
				E99F9DD7263764C53B27FEAA /* [CP] Check Pods Manifest.lock */,
				1D992FF9231FA25B00C472F8 /* Sources */,
				1D992FFA231FA25B00C472F8 /* Frameworks */,
				1D992FFB231FA25B00C472F8 /* Resources */,
				2EEBB37FCDE0DD70805DFE09 /* [CP] Copy Pods Resources */,
			);
			buildRules = (
			);
			dependencies = (
			);
			name = "DemoApp-Swift";
			productName = "DemoApp-Swift";
			productReference = 1D992FFD231FA25B00C472F8 /* DemoApp-Swift.app */;
			productType = "com.apple.product-type.application";
		};
/* End PBXNativeTarget section */

/* Begin PBXProject section */
		1D992FF5231FA25B00C472F8 /* Project object */ = {
			isa = PBXProject;
			attributes = {
				LastSwiftUpdateCheck = 1030;
				LastUpgradeCheck = 1030;
				ORGANIZATIONNAME = "AppLovin Corporation";
				TargetAttributes = {
					1D992FFC231FA25B00C472F8 = {
						CreatedOnToolsVersion = 10.3;
					};
				};
			};
			buildConfigurationList = 1D992FF8231FA25B00C472F8 /* Build configuration list for PBXProject "DemoApp-Swift" */;
			compatibilityVersion = "Xcode 9.3";
			developmentRegion = en;
			hasScannedForEncodings = 0;
			knownRegions = (
				en,
				Base,
			);
			mainGroup = 1D992FF4231FA25B00C472F8;
			productRefGroup = 1D992FFE231FA25B00C472F8 /* Products */;
			projectDirPath = "";
			projectRoot = "";
			targets = (
				1D992FFC231FA25B00C472F8 /* DemoApp-Swift */,
			);
		};
/* End PBXProject section */

/* Begin PBXResourcesBuildPhase section */
		1D992FFB231FA25B00C472F8 /* Resources */ = {
			isa = PBXResourcesBuildPhase;
			buildActionMask = 2147483647;
			files = (
				1D99300B231FA25B00C472F8 /* LaunchScreen.storyboard in Resources */,
				1D993008231FA25B00C472F8 /* Assets.xcassets in Resources */,
				1D993006231FA25B00C472F8 /* Main.storyboard in Resources */,
			);
			runOnlyForDeploymentPostprocessing = 0;
		};
/* End PBXResourcesBuildPhase section */

/* Begin PBXShellScriptBuildPhase section */
		2EEBB37FCDE0DD70805DFE09 /* [CP] Copy Pods Resources */ = {
			isa = PBXShellScriptBuildPhase;
			buildActionMask = 2147483647;
			files = (
			);
			inputFileListPaths = (
				"${PODS_ROOT}/Target Support Files/Pods-DemoApp-Swift/Pods-DemoApp-Swift-resources-${CONFIGURATION}-input-files.xcfilelist",
			);
			name = "[CP] Copy Pods Resources";
			outputFileListPaths = (
				"${PODS_ROOT}/Target Support Files/Pods-DemoApp-Swift/Pods-DemoApp-Swift-resources-${CONFIGURATION}-output-files.xcfilelist",
			);
			runOnlyForDeploymentPostprocessing = 0;
			shellPath = /bin/sh;
			shellScript = "\"${PODS_ROOT}/Target Support Files/Pods-DemoApp-Swift/Pods-DemoApp-Swift-resources.sh\"\n";
			showEnvVarsInLog = 0;
		};
		E99F9DD7263764C53B27FEAA /* [CP] Check Pods Manifest.lock */ = {
			isa = PBXShellScriptBuildPhase;
			buildActionMask = 2147483647;
			files = (
			);
			inputFileListPaths = (
			);
			inputPaths = (
				"${PODS_PODFILE_DIR_PATH}/Podfile.lock",
				"${PODS_ROOT}/Manifest.lock",
			);
			name = "[CP] Check Pods Manifest.lock";
			outputFileListPaths = (
			);
			outputPaths = (
				"$(DERIVED_FILE_DIR)/Pods-DemoApp-Swift-checkManifestLockResult.txt",
			);
			runOnlyForDeploymentPostprocessing = 0;
			shellPath = /bin/sh;
			shellScript = "diff \"${PODS_PODFILE_DIR_PATH}/Podfile.lock\" \"${PODS_ROOT}/Manifest.lock\" > /dev/null\nif [ $? != 0 ] ; then\n    # print error to STDERR\n    echo \"error: The sandbox is not in sync with the Podfile.lock. Run 'pod install' or update your CocoaPods installation.\" >&2\n    exit 1\nfi\n# This output is used by Xcode 'outputs' to avoid re-running this script phase.\necho \"SUCCESS\" > \"${SCRIPT_OUTPUT_FILE_0}\"\n";
			showEnvVarsInLog = 0;
		};
/* End PBXShellScriptBuildPhase section */

/* Begin PBXSourcesBuildPhase section */
		1D992FF9231FA25B00C472F8 /* Sources */ = {
			isa = PBXSourcesBuildPhase;
			buildActionMask = 2147483647;
			files = (
				1D993003231FA25B00C472F8 /* ViewController.swift in Sources */,
				1D993001231FA25B00C472F8 /* ALAppDelegate.swift in Sources */,
			);
			runOnlyForDeploymentPostprocessing = 0;
		};
/* End PBXSourcesBuildPhase section */

/* Begin PBXVariantGroup section */
		1D993004231FA25B00C472F8 /* Main.storyboard */ = {
			isa = PBXVariantGroup;
			children = (
				1D993005231FA25B00C472F8 /* Base */,
			);
			name = Main.storyboard;
			sourceTree = "<group>";
		};
		1D993009231FA25B00C472F8 /* LaunchScreen.storyboard */ = {
			isa = PBXVariantGroup;
			children = (
				1D99300A231FA25B00C472F8 /* Base */,
			);
			name = LaunchScreen.storyboard;
			sourceTree = "<group>";
		};
/* End PBXVariantGroup section */

/* Begin XCBuildConfiguration section */
		1D99300D231FA25B00C472F8 /* Debug */ = {
			isa = XCBuildConfiguration;
			buildSettings = {
				ALWAYS_SEARCH_USER_PATHS = NO;
				CLANG_ANALYZER_NONNULL = YES;
				CLANG_ANALYZER_NUMBER_OBJECT_CONVERSION = YES_AGGRESSIVE;
				CLANG_CXX_LANGUAGE_STANDARD = "gnu++14";
				CLANG_CXX_LIBRARY = "libc++";
				CLANG_ENABLE_MODULES = YES;
				CLANG_ENABLE_OBJC_ARC = YES;
				CLANG_ENABLE_OBJC_WEAK = YES;
				CLANG_WARN_BLOCK_CAPTURE_AUTORELEASING = YES;
				CLANG_WARN_BOOL_CONVERSION = YES;
				CLANG_WARN_COMMA = YES;
				CLANG_WARN_CONSTANT_CONVERSION = YES;
				CLANG_WARN_DEPRECATED_OBJC_IMPLEMENTATIONS = YES;
				CLANG_WARN_DIRECT_OBJC_ISA_USAGE = YES_ERROR;
				CLANG_WARN_DOCUMENTATION_COMMENTS = YES;
				CLANG_WARN_EMPTY_BODY = YES;
				CLANG_WARN_ENUM_CONVERSION = YES;
				CLANG_WARN_INFINITE_RECURSION = YES;
				CLANG_WARN_INT_CONVERSION = YES;
				CLANG_WARN_NON_LITERAL_NULL_CONVERSION = YES;
				CLANG_WARN_OBJC_IMPLICIT_RETAIN_SELF = YES;
				CLANG_WARN_OBJC_LITERAL_CONVERSION = YES;
				CLANG_WARN_OBJC_ROOT_CLASS = YES_ERROR;
				CLANG_WARN_RANGE_LOOP_ANALYSIS = YES;
				CLANG_WARN_STRICT_PROTOTYPES = YES;
				CLANG_WARN_SUSPICIOUS_MOVE = YES;
				CLANG_WARN_UNGUARDED_AVAILABILITY = YES_AGGRESSIVE;
				CLANG_WARN_UNREACHABLE_CODE = YES;
				CLANG_WARN__DUPLICATE_METHOD_MATCH = YES;
				CODE_SIGN_IDENTITY = "iPhone Developer";
				COPY_PHASE_STRIP = NO;
				DEBUG_INFORMATION_FORMAT = dwarf;
				ENABLE_STRICT_OBJC_MSGSEND = YES;
				ENABLE_TESTABILITY = YES;
				GCC_C_LANGUAGE_STANDARD = gnu11;
				GCC_DYNAMIC_NO_PIC = NO;
				GCC_NO_COMMON_BLOCKS = YES;
				GCC_OPTIMIZATION_LEVEL = 0;
				GCC_PREPROCESSOR_DEFINITIONS = (
					"DEBUG=1",
					"$(inherited)",
				);
				GCC_WARN_64_TO_32_BIT_CONVERSION = YES;
				GCC_WARN_ABOUT_RETURN_TYPE = YES_ERROR;
				GCC_WARN_UNDECLARED_SELECTOR = YES;
				GCC_WARN_UNINITIALIZED_AUTOS = YES_AGGRESSIVE;
				GCC_WARN_UNUSED_FUNCTION = YES;
				GCC_WARN_UNUSED_VARIABLE = YES;
				IPHONEOS_DEPLOYMENT_TARGET = 12.4;
				MTL_ENABLE_DEBUG_INFO = INCLUDE_SOURCE;
				MTL_FAST_MATH = YES;
				ONLY_ACTIVE_ARCH = YES;
				SDKROOT = iphoneos;
				SWIFT_ACTIVE_COMPILATION_CONDITIONS = DEBUG;
				SWIFT_OPTIMIZATION_LEVEL = "-Onone";
			};
			name = Debug;
		};
		1D99300E231FA25B00C472F8 /* Release */ = {
			isa = XCBuildConfiguration;
			buildSettings = {
				ALWAYS_SEARCH_USER_PATHS = NO;
				CLANG_ANALYZER_NONNULL = YES;
				CLANG_ANALYZER_NUMBER_OBJECT_CONVERSION = YES_AGGRESSIVE;
				CLANG_CXX_LANGUAGE_STANDARD = "gnu++14";
				CLANG_CXX_LIBRARY = "libc++";
				CLANG_ENABLE_MODULES = YES;
				CLANG_ENABLE_OBJC_ARC = YES;
				CLANG_ENABLE_OBJC_WEAK = YES;
				CLANG_WARN_BLOCK_CAPTURE_AUTORELEASING = YES;
				CLANG_WARN_BOOL_CONVERSION = YES;
				CLANG_WARN_COMMA = YES;
				CLANG_WARN_CONSTANT_CONVERSION = YES;
				CLANG_WARN_DEPRECATED_OBJC_IMPLEMENTATIONS = YES;
				CLANG_WARN_DIRECT_OBJC_ISA_USAGE = YES_ERROR;
				CLANG_WARN_DOCUMENTATION_COMMENTS = YES;
				CLANG_WARN_EMPTY_BODY = YES;
				CLANG_WARN_ENUM_CONVERSION = YES;
				CLANG_WARN_INFINITE_RECURSION = YES;
				CLANG_WARN_INT_CONVERSION = YES;
				CLANG_WARN_NON_LITERAL_NULL_CONVERSION = YES;
				CLANG_WARN_OBJC_IMPLICIT_RETAIN_SELF = YES;
				CLANG_WARN_OBJC_LITERAL_CONVERSION = YES;
				CLANG_WARN_OBJC_ROOT_CLASS = YES_ERROR;
				CLANG_WARN_RANGE_LOOP_ANALYSIS = YES;
				CLANG_WARN_STRICT_PROTOTYPES = YES;
				CLANG_WARN_SUSPICIOUS_MOVE = YES;
				CLANG_WARN_UNGUARDED_AVAILABILITY = YES_AGGRESSIVE;
				CLANG_WARN_UNREACHABLE_CODE = YES;
				CLANG_WARN__DUPLICATE_METHOD_MATCH = YES;
				CODE_SIGN_IDENTITY = "iPhone Developer";
				COPY_PHASE_STRIP = NO;
				DEBUG_INFORMATION_FORMAT = "dwarf-with-dsym";
				ENABLE_NS_ASSERTIONS = NO;
				ENABLE_STRICT_OBJC_MSGSEND = YES;
				GCC_C_LANGUAGE_STANDARD = gnu11;
				GCC_NO_COMMON_BLOCKS = YES;
				GCC_WARN_64_TO_32_BIT_CONVERSION = YES;
				GCC_WARN_ABOUT_RETURN_TYPE = YES_ERROR;
				GCC_WARN_UNDECLARED_SELECTOR = YES;
				GCC_WARN_UNINITIALIZED_AUTOS = YES_AGGRESSIVE;
				GCC_WARN_UNUSED_FUNCTION = YES;
				GCC_WARN_UNUSED_VARIABLE = YES;
				IPHONEOS_DEPLOYMENT_TARGET = 12.4;
				MTL_ENABLE_DEBUG_INFO = NO;
				MTL_FAST_MATH = YES;
				SDKROOT = iphoneos;
				SWIFT_COMPILATION_MODE = wholemodule;
				SWIFT_OPTIMIZATION_LEVEL = "-O";
				VALIDATE_PRODUCT = YES;
			};
			name = Release;
		};
		1D993010231FA25B00C472F8 /* Debug */ = {
			isa = XCBuildConfiguration;
			baseConfigurationReference = EBF5C828DE3CA6B3D79641A6 /* Pods-DemoApp-Swift.debug.xcconfig */;
			buildSettings = {
				ASSETCATALOG_COMPILER_APPICON_NAME = AppIcon;
				CODE_SIGN_STYLE = Automatic;
				DEVELOPMENT_TEAM = LUDVB6Z3BS;
				INFOPLIST_FILE = "DemoApp-Swift/Info.plist";
				IPHONEOS_DEPLOYMENT_TARGET = 9.0;
				LD_RUNPATH_SEARCH_PATHS = (
					"$(inherited)",
					"@executable_path/Frameworks",
				);
				PRODUCT_BUNDLE_IDENTIFIER = "com.applovin.enterprise.apps.demoapp.DemoApp-Swift";
				PRODUCT_NAME = "$(TARGET_NAME)";
				SWIFT_VERSION = 5.0;
				TARGETED_DEVICE_FAMILY = "1,2";
			};
			name = Debug;
		};
		1D993011231FA25B00C472F8 /* Release */ = {
			isa = XCBuildConfiguration;
			baseConfigurationReference = F715F7A80F0E82D900D907FC /* Pods-DemoApp-Swift.release.xcconfig */;
			buildSettings = {
				ASSETCATALOG_COMPILER_APPICON_NAME = AppIcon;
				CODE_SIGN_STYLE = Automatic;
				DEVELOPMENT_TEAM = LUDVB6Z3BS;
				INFOPLIST_FILE = "DemoApp-Swift/Info.plist";
				IPHONEOS_DEPLOYMENT_TARGET = 9.0;
				LD_RUNPATH_SEARCH_PATHS = (
					"$(inherited)",
					"@executable_path/Frameworks",
				);
				PRODUCT_BUNDLE_IDENTIFIER = "com.applovin.enterprise.apps.demoapp.DemoApp-Swift";
				PRODUCT_NAME = "$(TARGET_NAME)";
				SWIFT_VERSION = 5.0;
				TARGETED_DEVICE_FAMILY = "1,2";
			};
			name = Release;
		};
/* End XCBuildConfiguration section */

/* Begin XCConfigurationList section */
		1D992FF8231FA25B00C472F8 /* Build configuration list for PBXProject "DemoApp-Swift" */ = {
			isa = XCConfigurationList;
			buildConfigurations = (
				1D99300D231FA25B00C472F8 /* Debug */,
				1D99300E231FA25B00C472F8 /* Release */,
			);
			defaultConfigurationIsVisible = 0;
			defaultConfigurationName = Release;
		};
		1D99300F231FA25B00C472F8 /* Build configuration list for PBXNativeTarget "DemoApp-Swift" */ = {
			isa = XCConfigurationList;
			buildConfigurations = (
				1D993010231FA25B00C472F8 /* Debug */,
				1D993011231FA25B00C472F8 /* Release */,
			);
			defaultConfigurationIsVisible = 0;
			defaultConfigurationName = Release;
		};
/* End XCConfigurationList section */
	};
	rootObject = 1D992FF5231FA25B00C472F8 /* Project object */;
}
